// !$*UTF8*$!
{
	archiveVersion = 1;
	classes = {
	};
	objectVersion = 56;
	objects = {

/* Begin PBXBuildFile section */
		D31592A12CA7240700D63B3F /* RandomSurveyResultViewModel.swift in Sources */ = {isa = PBXBuildFile; fileRef = D31592A02CA7240700D63B3F /* RandomSurveyResultViewModel.swift */; };
		D31592A32CA7240D00D63B3F /* RandomSurveyResultInteractor.swift in Sources */ = {isa = PBXBuildFile; fileRef = D31592A22CA7240D00D63B3F /* RandomSurveyResultInteractor.swift */; };
		D31592A52CA983D700D63B3F /* ResetPWViewModel.swift in Sources */ = {isa = PBXBuildFile; fileRef = D31592A42CA983D700D63B3F /* ResetPWViewModel.swift */; };
		D31592A72CA9853200D63B3F /* ResetPWInteractor.swift in Sources */ = {isa = PBXBuildFile; fileRef = D31592A62CA9853200D63B3F /* ResetPWInteractor.swift */; };
		D31592AA2CA9AB5500D63B3F /* ProfileEditView.swift in Sources */ = {isa = PBXBuildFile; fileRef = D31592A92CA9AB5500D63B3F /* ProfileEditView.swift */; };
		D31592AC2CA9ABA600D63B3F /* ProfileEditViewModel.swift in Sources */ = {isa = PBXBuildFile; fileRef = D31592AB2CA9ABA600D63B3F /* ProfileEditViewModel.swift */; };
		D31592AE2CA9ABB100D63B3F /* ProfileEditInteractor.swift in Sources */ = {isa = PBXBuildFile; fileRef = D31592AD2CA9ABB100D63B3F /* ProfileEditInteractor.swift */; };
		D31592B22CA9BB2D00D63B3F /* ChangePWView.swift in Sources */ = {isa = PBXBuildFile; fileRef = D31592B12CA9BB2D00D63B3F /* ChangePWView.swift */; };
		D31592B42CA9BB9E00D63B3F /* ChangePWViewModel.swift in Sources */ = {isa = PBXBuildFile; fileRef = D31592B32CA9BB9E00D63B3F /* ChangePWViewModel.swift */; };
		D31592B62CA9BBC800D63B3F /* ChangePWInteractor.swift in Sources */ = {isa = PBXBuildFile; fileRef = D31592B52CA9BBC800D63B3F /* ChangePWInteractor.swift */; };
		D34F52722CA1C46000875FCE /* FirebaseAnalytics in Frameworks */ = {isa = PBXBuildFile; productRef = D34F52712CA1C46000875FCE /* FirebaseAnalytics */; };
		D34F52742CA1C46000875FCE /* FirebaseAnalyticsOnDeviceConversion in Frameworks */ = {isa = PBXBuildFile; productRef = D34F52732CA1C46000875FCE /* FirebaseAnalyticsOnDeviceConversion */; };
		D34F52762CA1C46000875FCE /* FirebaseAnalyticsWithoutAdIdSupport in Frameworks */ = {isa = PBXBuildFile; productRef = D34F52752CA1C46000875FCE /* FirebaseAnalyticsWithoutAdIdSupport */; };
		D34F52782CA1C46000875FCE /* FirebaseAppCheck in Frameworks */ = {isa = PBXBuildFile; productRef = D34F52772CA1C46000875FCE /* FirebaseAppCheck */; };
		D34F527A2CA1C46000875FCE /* FirebaseAppDistribution-Beta in Frameworks */ = {isa = PBXBuildFile; productRef = D34F52792CA1C46000875FCE /* FirebaseAppDistribution-Beta */; };
		D34F527C2CA1C46000875FCE /* FirebaseAuth in Frameworks */ = {isa = PBXBuildFile; productRef = D34F527B2CA1C46000875FCE /* FirebaseAuth */; };
		D34F527E2CA1C46000875FCE /* FirebaseAuthCombine-Community in Frameworks */ = {isa = PBXBuildFile; productRef = D34F527D2CA1C46000875FCE /* FirebaseAuthCombine-Community */; };
		D34F52802CA1C46000875FCE /* FirebaseCrashlytics in Frameworks */ = {isa = PBXBuildFile; productRef = D34F527F2CA1C46000875FCE /* FirebaseCrashlytics */; };
		D34F52822CA1C46000875FCE /* FirebaseDatabase in Frameworks */ = {isa = PBXBuildFile; productRef = D34F52812CA1C46000875FCE /* FirebaseDatabase */; };
		D34F52842CA1C46000875FCE /* FirebaseDynamicLinks in Frameworks */ = {isa = PBXBuildFile; productRef = D34F52832CA1C46000875FCE /* FirebaseDynamicLinks */; };
		D34F52862CA1C46000875FCE /* FirebaseFirestore in Frameworks */ = {isa = PBXBuildFile; productRef = D34F52852CA1C46000875FCE /* FirebaseFirestore */; };
		D34F52882CA1C46000875FCE /* FirebaseFirestoreCombine-Community in Frameworks */ = {isa = PBXBuildFile; productRef = D34F52872CA1C46000875FCE /* FirebaseFirestoreCombine-Community */; };
		D34F528A2CA1C46000875FCE /* FirebaseFunctions in Frameworks */ = {isa = PBXBuildFile; productRef = D34F52892CA1C46000875FCE /* FirebaseFunctions */; };
		D34F528C2CA1C46000875FCE /* FirebaseFunctionsCombine-Community in Frameworks */ = {isa = PBXBuildFile; productRef = D34F528B2CA1C46000875FCE /* FirebaseFunctionsCombine-Community */; };
		D34F528E2CA1C46000875FCE /* FirebaseInAppMessaging-Beta in Frameworks */ = {isa = PBXBuildFile; productRef = D34F528D2CA1C46000875FCE /* FirebaseInAppMessaging-Beta */; };
		D34F52902CA1C46000875FCE /* FirebaseInstallations in Frameworks */ = {isa = PBXBuildFile; productRef = D34F528F2CA1C46000875FCE /* FirebaseInstallations */; };
		D34F52922CA1C46000875FCE /* FirebaseMLModelDownloader in Frameworks */ = {isa = PBXBuildFile; productRef = D34F52912CA1C46000875FCE /* FirebaseMLModelDownloader */; };
		D34F52942CA1C46000875FCE /* FirebaseMessaging in Frameworks */ = {isa = PBXBuildFile; productRef = D34F52932CA1C46000875FCE /* FirebaseMessaging */; };
		D34F52962CA1C46000875FCE /* FirebasePerformance in Frameworks */ = {isa = PBXBuildFile; productRef = D34F52952CA1C46000875FCE /* FirebasePerformance */; };
		D34F52982CA1C46000875FCE /* FirebaseRemoteConfig in Frameworks */ = {isa = PBXBuildFile; productRef = D34F52972CA1C46000875FCE /* FirebaseRemoteConfig */; };
		D34F529A2CA1C46000875FCE /* FirebaseStorage in Frameworks */ = {isa = PBXBuildFile; productRef = D34F52992CA1C46000875FCE /* FirebaseStorage */; };
		D34F529C2CA1C46000875FCE /* FirebaseStorageCombine-Community in Frameworks */ = {isa = PBXBuildFile; productRef = D34F529B2CA1C46000875FCE /* FirebaseStorageCombine-Community */; };
		D34F529E2CA1C46000875FCE /* FirebaseVertexAI-Preview in Frameworks */ = {isa = PBXBuildFile; productRef = D34F529D2CA1C46000875FCE /* FirebaseVertexAI-Preview */; };
		D34F52A02CA1CD9C00875FCE /* DiaryRandomSurveyViewModel.swift in Sources */ = {isa = PBXBuildFile; fileRef = D34F529F2CA1CD9C00875FCE /* DiaryRandomSurveyViewModel.swift */; };
		D34F52A22CA1CDA600875FCE /* DiaryRandomSurveyInteractor.swift in Sources */ = {isa = PBXBuildFile; fileRef = D34F52A12CA1CDA600875FCE /* DiaryRandomSurveyInteractor.swift */; };
		D34F52A62CA2FF2B00875FCE /* DiaryRandomSurveyCompleteView.swift in Sources */ = {isa = PBXBuildFile; fileRef = D34F52A52CA2FF2B00875FCE /* DiaryRandomSurveyCompleteView.swift */; };
		D35CB5C42CAC505600A0BFB6 /* RandomSurveyModifyView.swift in Sources */ = {isa = PBXBuildFile; fileRef = D35CB5C32CAC505600A0BFB6 /* RandomSurveyModifyView.swift */; };
		D35CB5C62CAC51F900A0BFB6 /* RandomSurveyModifyCompleteView.swift in Sources */ = {isa = PBXBuildFile; fileRef = D35CB5C52CAC51F900A0BFB6 /* RandomSurveyModifyCompleteView.swift */; };
		D35CB5C82CAD9EDD00A0BFB6 /* DiaryRandomSurveyModifyView.swift in Sources */ = {isa = PBXBuildFile; fileRef = D35CB5C72CAD9EDD00A0BFB6 /* DiaryRandomSurveyModifyView.swift */; };
		D35CB5CA2CAFED0F00A0BFB6 /* GoogleService-Info.plist in Resources */ = {isa = PBXBuildFile; fileRef = D35CB5C92CAFED0F00A0BFB6 /* GoogleService-Info.plist */; };
		D35CB5CC2CB81C0200A0BFB6 /* PreviousHistoryViewModel.swift in Sources */ = {isa = PBXBuildFile; fileRef = D35CB5CB2CB81C0200A0BFB6 /* PreviousHistoryViewModel.swift */; };
		D3A3884E2C726A30001CE3EA /* HealthKitTypeHelper.swift in Sources */ = {isa = PBXBuildFile; fileRef = D3A3884D2C726A30001CE3EA /* HealthKitTypeHelper.swift */; };
		D3A388532C726D1C001CE3EA /* CommonSelectButton.swift in Sources */ = {isa = PBXBuildFile; fileRef = D3A388522C726D1C001CE3EA /* CommonSelectButton.swift */; };
		D3A388562C726D5C001CE3EA /* ColorExtensions.swift in Sources */ = {isa = PBXBuildFile; fileRef = D3A388552C726D5C001CE3EA /* ColorExtensions.swift */; };
		D3A3885A2C727691001CE3EA /* SignUpView.swift in Sources */ = {isa = PBXBuildFile; fileRef = D3A388592C727691001CE3EA /* SignUpView.swift */; };
		D3A3885C2C727704001CE3EA /* LoginView.swift in Sources */ = {isa = PBXBuildFile; fileRef = D3A3885B2C727704001CE3EA /* LoginView.swift */; };
		D3A3885E2C73970D001CE3EA /* CommonInputView.swift in Sources */ = {isa = PBXBuildFile; fileRef = D3A3885D2C73970D001CE3EA /* CommonInputView.swift */; };
		D3A388602C7398A4001CE3EA /* ViewExtension.swift in Sources */ = {isa = PBXBuildFile; fileRef = D3A3885F2C7398A4001CE3EA /* ViewExtension.swift */; };
		D3A388622C73A558001CE3EA /* UIApplicationExtensions.swift in Sources */ = {isa = PBXBuildFile; fileRef = D3A388612C73A558001CE3EA /* UIApplicationExtensions.swift */; };
		D3A388652C73AFDE001CE3EA /* BackButtonView.swift in Sources */ = {isa = PBXBuildFile; fileRef = D3A388642C73AFDE001CE3EA /* BackButtonView.swift */; };
		D3A388952C74E7CB0059C3BB /* FindIdView.swift in Sources */ = {isa = PBXBuildFile; fileRef = D3A388942C74E7CB0059C3BB /* FindIdView.swift */; };
		D3A388972C74EFDD0059C3BB /* ResetPWView.swift in Sources */ = {isa = PBXBuildFile; fileRef = D3A388962C74EFDD0059C3BB /* ResetPWView.swift */; };
		D3A388992C74F6150059C3BB /* BindingExtensions.swift in Sources */ = {isa = PBXBuildFile; fileRef = D3A388982C74F6150059C3BB /* BindingExtensions.swift */; };
		D3A3889B2C7501D40059C3BB /* SignUpViewModel.swift in Sources */ = {isa = PBXBuildFile; fileRef = D3A3889A2C7501D40059C3BB /* SignUpViewModel.swift */; };
		D3A3889D2C78F2390059C3BB /* CalendarView.swift in Sources */ = {isa = PBXBuildFile; fileRef = D3A3889C2C78F2390059C3BB /* CalendarView.swift */; };
		D3A3889F2C78F4C10059C3BB /* RadioButton.swift in Sources */ = {isa = PBXBuildFile; fileRef = D3A3889E2C78F4C10059C3BB /* RadioButton.swift */; };
		D3A388A12C7A339F0059C3BB /* CalendarInputView.swift in Sources */ = {isa = PBXBuildFile; fileRef = D3A388A02C7A339F0059C3BB /* CalendarInputView.swift */; };
		D3A388A32C7B17580059C3BB /* DateExtensions.swift in Sources */ = {isa = PBXBuildFile; fileRef = D3A388A22C7B17580059C3BB /* DateExtensions.swift */; };
		D3A388A62C7B52B50059C3BB /* AuthCompleteView.swift in Sources */ = {isa = PBXBuildFile; fileRef = D3A388A52C7B52B50059C3BB /* AuthCompleteView.swift */; };
		D3A388A82C7B56090059C3BB /* GIFImageView.swift in Sources */ = {isa = PBXBuildFile; fileRef = D3A388A72C7B56090059C3BB /* GIFImageView.swift */; };
		D3A388AA2C7B56230059C3BB /* complete.gif in Resources */ = {isa = PBXBuildFile; fileRef = D3A388A92C7B56230059C3BB /* complete.gif */; };
		D3A388AD2C7B7AD70059C3BB /* AppTabBarView.swift in Sources */ = {isa = PBXBuildFile; fileRef = D3A388AC2C7B7AD70059C3BB /* AppTabBarView.swift */; };
		D3A388B32C7B7E6B0059C3BB /* ProfileView.swift in Sources */ = {isa = PBXBuildFile; fileRef = D3A388B22C7B7E6B0059C3BB /* ProfileView.swift */; };
		D3A388B52C7B7E7C0059C3BB /* HistoryView.swift in Sources */ = {isa = PBXBuildFile; fileRef = D3A388B42C7B7E7C0059C3BB /* HistoryView.swift */; };
		D3A388B72C7B7E8A0059C3BB /* DiaryView.swift in Sources */ = {isa = PBXBuildFile; fileRef = D3A388B62C7B7E8A0059C3BB /* DiaryView.swift */; };
		D3A388B92C7B7E960059C3BB /* HomeView.swift in Sources */ = {isa = PBXBuildFile; fileRef = D3A388B82C7B7E960059C3BB /* HomeView.swift */; };
		D3A388BB2C7CBFDB0059C3BB /* CustomAlertView.swift in Sources */ = {isa = PBXBuildFile; fileRef = D3A388BA2C7CBFDB0059C3BB /* CustomAlertView.swift */; };
		D3A388BD2C7CCC430059C3BB /* NotificationExtensions.swift in Sources */ = {isa = PBXBuildFile; fileRef = D3A388BC2C7CCC430059C3BB /* NotificationExtensions.swift */; };
		D3A388C02C7CD4620059C3BB /* ResearchInfoView.swift in Sources */ = {isa = PBXBuildFile; fileRef = D3A388BF2C7CD4620059C3BB /* ResearchInfoView.swift */; };
		D3A388C22C81B83F0059C3BB /* HomeViewModel.swift in Sources */ = {isa = PBXBuildFile; fileRef = D3A388C12C81B83F0059C3BB /* HomeViewModel.swift */; };
		D3A388C62C8430E20059C3BB /* RandomSurveyView.swift in Sources */ = {isa = PBXBuildFile; fileRef = D3A388C52C8430E20059C3BB /* RandomSurveyView.swift */; };
		D3A388C82C843E9D0059C3BB /* IntExtensions.swift in Sources */ = {isa = PBXBuildFile; fileRef = D3A388C72C843E9D0059C3BB /* IntExtensions.swift */; };
		D3A388CA2C89F8F90059C3BB /* DiaryRandomSurveyView.swift in Sources */ = {isa = PBXBuildFile; fileRef = D3A388C92C89F8F90059C3BB /* DiaryRandomSurveyView.swift */; };
		D3A388CC2C89FABB0059C3BB /* CalendarScrollView.swift in Sources */ = {isa = PBXBuildFile; fileRef = D3A388CB2C89FABB0059C3BB /* CalendarScrollView.swift */; };
		D3A388CE2C89FAE10059C3BB /* HistoryAddButtonView.swift in Sources */ = {isa = PBXBuildFile; fileRef = D3A388CD2C89FAE10059C3BB /* HistoryAddButtonView.swift */; };
		D3A388D02C8A02750059C3BB /* RandomSurveyCardView.swift in Sources */ = {isa = PBXBuildFile; fileRef = D3A388CF2C8A02750059C3BB /* RandomSurveyCardView.swift */; };
		D3A388D22C8A04230059C3BB /* TimePickerView.swift in Sources */ = {isa = PBXBuildFile; fileRef = D3A388D12C8A04230059C3BB /* TimePickerView.swift */; };
		D3A388D42C8B605E0059C3BB /* TextEditorWithPlaceholderView.swift in Sources */ = {isa = PBXBuildFile; fileRef = D3A388D32C8B605E0059C3BB /* TextEditorWithPlaceholderView.swift */; };
		D3A388D72C8B6E3D0059C3BB /* DiaryResultView.swift in Sources */ = {isa = PBXBuildFile; fileRef = D3A388D62C8B6E3D0059C3BB /* DiaryResultView.swift */; };
		D3A388D92C8C4DA60059C3BB /* CustomSegmentedControl.swift in Sources */ = {isa = PBXBuildFile; fileRef = D3A388D82C8C4DA60059C3BB /* CustomSegmentedControl.swift */; };
		D3A388DB2C8CB0FC0059C3BB /* HistoryViewModel.swift in Sources */ = {isa = PBXBuildFile; fileRef = D3A388DA2C8CB0FC0059C3BB /* HistoryViewModel.swift */; };
		D3A388DE2C8CB8650059C3BB /* RandomSurveyResultView.swift in Sources */ = {isa = PBXBuildFile; fileRef = D3A388DD2C8CB8650059C3BB /* RandomSurveyResultView.swift */; };
		D3A388E02C8CBB3F0059C3BB /* HistoryResultCardView.swift in Sources */ = {isa = PBXBuildFile; fileRef = D3A388DF2C8CBB3F0059C3BB /* HistoryResultCardView.swift */; };
		D3A388E32C8DE7C30059C3BB /* PreviousHistoryView.swift in Sources */ = {isa = PBXBuildFile; fileRef = D3A388E22C8DE7C30059C3BB /* PreviousHistoryView.swift */; };
		D3A388E62C8F639B0059C3BB /* APIClient.swift in Sources */ = {isa = PBXBuildFile; fileRef = D3A388E52C8F639B0059C3BB /* APIClient.swift */; };
		D3A388E92C8F64620059C3BB /* AuthInteractor.swift in Sources */ = {isa = PBXBuildFile; fileRef = D3A388E82C8F64620059C3BB /* AuthInteractor.swift */; };
		D3A388EB2C8F64820059C3BB /* AuthViewModel.swift in Sources */ = {isa = PBXBuildFile; fileRef = D3A388EA2C8F64820059C3BB /* AuthViewModel.swift */; };
		D3A388ED2C8F68790059C3BB /* UserDefaultsExtensions.swift in Sources */ = {isa = PBXBuildFile; fileRef = D3A388EC2C8F68790059C3BB /* UserDefaultsExtensions.swift */; };
		D3A388EF2C933FD00059C3BB /* HomeInteractor.swift in Sources */ = {isa = PBXBuildFile; fileRef = D3A388EE2C933FD00059C3BB /* HomeInteractor.swift */; };
		D3A388F12C93505B0059C3BB /* Spinner.swift in Sources */ = {isa = PBXBuildFile; fileRef = D3A388F02C93505B0059C3BB /* Spinner.swift */; };
		D3A388F32C9350B10059C3BB /* AppStateViewModel.swift in Sources */ = {isa = PBXBuildFile; fileRef = D3A388F22C9350B10059C3BB /* AppStateViewModel.swift */; };
		D3B19E282C14569E00049383 /* healthKittApp.swift in Sources */ = {isa = PBXBuildFile; fileRef = D3B19E272C14569E00049383 /* healthKittApp.swift */; };
		D3B19E2A2C14569E00049383 /* OnboardingView.swift in Sources */ = {isa = PBXBuildFile; fileRef = D3B19E292C14569E00049383 /* OnboardingView.swift */; };
		D3B19E2C2C14569E00049383 /* Assets.xcassets in Resources */ = {isa = PBXBuildFile; fileRef = D3B19E2B2C14569E00049383 /* Assets.xcassets */; };
		D3B19E2F2C14569E00049383 /* Preview Assets.xcassets in Resources */ = {isa = PBXBuildFile; fileRef = D3B19E2E2C14569E00049383 /* Preview Assets.xcassets */; };
		D3B19E372C148E0500049383 /* HealthKitService.swift in Sources */ = {isa = PBXBuildFile; fileRef = D3B19E362C148E0500049383 /* HealthKitService.swift */; };
		D3B19E3A2C14CC4900049383 /* AppDelegate.swift in Sources */ = {isa = PBXBuildFile; fileRef = D3B19E392C14CC4900049383 /* AppDelegate.swift */; };
		D3B19E3C2C15C70E00049383 /* SceneDelegate.swift in Sources */ = {isa = PBXBuildFile; fileRef = D3B19E3B2C15C70E00049383 /* SceneDelegate.swift */; };
		D3B79F4E2CA3152900701922 /* DiaryViewModel.swift in Sources */ = {isa = PBXBuildFile; fileRef = D3B79F4D2CA3152900701922 /* DiaryViewModel.swift */; };
		D3B79F502CA3155200701922 /* DiaryInteractor.swift in Sources */ = {isa = PBXBuildFile; fileRef = D3B79F4F2CA3155200701922 /* DiaryInteractor.swift */; };
		D3B79F522CA45D6200701922 /* HistoryInteractor.swift in Sources */ = {isa = PBXBuildFile; fileRef = D3B79F512CA45D6200701922 /* HistoryInteractor.swift */; };
		D3B79F542CA70E8B00701922 /* InfoTextView.swift in Sources */ = {isa = PBXBuildFile; fileRef = D3B79F532CA70E8B00701922 /* InfoTextView.swift */; };
		D3B79F562CA712E400701922 /* privacyPolicy.txt in Resources */ = {isa = PBXBuildFile; fileRef = D3B79F552CA712E400701922 /* privacyPolicy.txt */; };
		D3B79F582CA7160600701922 /* sensitiveInfo.txt in Resources */ = {isa = PBXBuildFile; fileRef = D3B79F572CA7160600701922 /* sensitiveInfo.txt */; };
		D3B79F5A2CA71DA900701922 /* DiaryResultViewModel.swift in Sources */ = {isa = PBXBuildFile; fileRef = D3B79F592CA71DA900701922 /* DiaryResultViewModel.swift */; };
		D3B79F5C2CA71DC900701922 /* DiaryResultInteractor.swift in Sources */ = {isa = PBXBuildFile; fileRef = D3B79F5B2CA71DC900701922 /* DiaryResultInteractor.swift */; };
		D3F420242CA00BD200C2BB24 /* FindIdViewModel.swift in Sources */ = {isa = PBXBuildFile; fileRef = D3F420232CA00BD200C2BB24 /* FindIdViewModel.swift */; };
		D3F420262CA00C1700C2BB24 /* FindIdInteractor.swift in Sources */ = {isa = PBXBuildFile; fileRef = D3F420252CA00C1700C2BB24 /* FindIdInteractor.swift */; };
		D3F420282CA084D900C2BB24 /* RandomSurveyViewModel.swift in Sources */ = {isa = PBXBuildFile; fileRef = D3F420272CA084D900C2BB24 /* RandomSurveyViewModel.swift */; };
		D3F4202A2CA084E000C2BB24 /* RandomSurveyInteractor.swift in Sources */ = {isa = PBXBuildFile; fileRef = D3F420292CA084E000C2BB24 /* RandomSurveyInteractor.swift */; };
		D3F4202C2CA0917E00C2BB24 /* RandomSurveyCompleteView.swift in Sources */ = {isa = PBXBuildFile; fileRef = D3F4202B2CA0917E00C2BB24 /* RandomSurveyCompleteView.swift */; };
/* End PBXBuildFile section */

/* Begin PBXFileReference section */
		D31592A02CA7240700D63B3F /* RandomSurveyResultViewModel.swift */ = {isa = PBXFileReference; lastKnownFileType = sourcecode.swift; path = RandomSurveyResultViewModel.swift; sourceTree = "<group>"; };
		D31592A22CA7240D00D63B3F /* RandomSurveyResultInteractor.swift */ = {isa = PBXFileReference; lastKnownFileType = sourcecode.swift; path = RandomSurveyResultInteractor.swift; sourceTree = "<group>"; };
		D31592A42CA983D700D63B3F /* ResetPWViewModel.swift */ = {isa = PBXFileReference; lastKnownFileType = sourcecode.swift; path = ResetPWViewModel.swift; sourceTree = "<group>"; };
		D31592A62CA9853200D63B3F /* ResetPWInteractor.swift */ = {isa = PBXFileReference; lastKnownFileType = sourcecode.swift; path = ResetPWInteractor.swift; sourceTree = "<group>"; };
		D31592A92CA9AB5500D63B3F /* ProfileEditView.swift */ = {isa = PBXFileReference; lastKnownFileType = sourcecode.swift; path = ProfileEditView.swift; sourceTree = "<group>"; };
		D31592AB2CA9ABA600D63B3F /* ProfileEditViewModel.swift */ = {isa = PBXFileReference; lastKnownFileType = sourcecode.swift; path = ProfileEditViewModel.swift; sourceTree = "<group>"; };
		D31592AD2CA9ABB100D63B3F /* ProfileEditInteractor.swift */ = {isa = PBXFileReference; lastKnownFileType = sourcecode.swift; path = ProfileEditInteractor.swift; sourceTree = "<group>"; };
		D31592B12CA9BB2D00D63B3F /* ChangePWView.swift */ = {isa = PBXFileReference; lastKnownFileType = sourcecode.swift; path = ChangePWView.swift; sourceTree = "<group>"; };
		D31592B32CA9BB9E00D63B3F /* ChangePWViewModel.swift */ = {isa = PBXFileReference; lastKnownFileType = sourcecode.swift; path = ChangePWViewModel.swift; sourceTree = "<group>"; };
		D31592B52CA9BBC800D63B3F /* ChangePWInteractor.swift */ = {isa = PBXFileReference; lastKnownFileType = sourcecode.swift; path = ChangePWInteractor.swift; sourceTree = "<group>"; };
		D34F529F2CA1CD9C00875FCE /* DiaryRandomSurveyViewModel.swift */ = {isa = PBXFileReference; lastKnownFileType = sourcecode.swift; path = DiaryRandomSurveyViewModel.swift; sourceTree = "<group>"; };
		D34F52A12CA1CDA600875FCE /* DiaryRandomSurveyInteractor.swift */ = {isa = PBXFileReference; lastKnownFileType = sourcecode.swift; path = DiaryRandomSurveyInteractor.swift; sourceTree = "<group>"; };
		D34F52A52CA2FF2B00875FCE /* DiaryRandomSurveyCompleteView.swift */ = {isa = PBXFileReference; lastKnownFileType = sourcecode.swift; path = DiaryRandomSurveyCompleteView.swift; sourceTree = "<group>"; };
		D35CB5C32CAC505600A0BFB6 /* RandomSurveyModifyView.swift */ = {isa = PBXFileReference; lastKnownFileType = sourcecode.swift; path = RandomSurveyModifyView.swift; sourceTree = "<group>"; };
		D35CB5C52CAC51F900A0BFB6 /* RandomSurveyModifyCompleteView.swift */ = {isa = PBXFileReference; lastKnownFileType = sourcecode.swift; path = RandomSurveyModifyCompleteView.swift; sourceTree = "<group>"; };
		D35CB5C72CAD9EDD00A0BFB6 /* DiaryRandomSurveyModifyView.swift */ = {isa = PBXFileReference; lastKnownFileType = sourcecode.swift; path = DiaryRandomSurveyModifyView.swift; sourceTree = "<group>"; };
		D35CB5C92CAFED0F00A0BFB6 /* GoogleService-Info.plist */ = {isa = PBXFileReference; fileEncoding = 4; lastKnownFileType = text.plist.xml; path = "GoogleService-Info.plist"; sourceTree = "<group>"; };
		D35CB5CB2CB81C0200A0BFB6 /* PreviousHistoryViewModel.swift */ = {isa = PBXFileReference; lastKnownFileType = sourcecode.swift; path = PreviousHistoryViewModel.swift; sourceTree = "<group>"; };
		D3A3884D2C726A30001CE3EA /* HealthKitTypeHelper.swift */ = {isa = PBXFileReference; lastKnownFileType = sourcecode.swift; path = HealthKitTypeHelper.swift; sourceTree = "<group>"; };
		D3A388522C726D1C001CE3EA /* CommonSelectButton.swift */ = {isa = PBXFileReference; lastKnownFileType = sourcecode.swift; path = CommonSelectButton.swift; sourceTree = "<group>"; };
		D3A388552C726D5C001CE3EA /* ColorExtensions.swift */ = {isa = PBXFileReference; lastKnownFileType = sourcecode.swift; path = ColorExtensions.swift; sourceTree = "<group>"; };
		D3A388592C727691001CE3EA /* SignUpView.swift */ = {isa = PBXFileReference; lastKnownFileType = sourcecode.swift; path = SignUpView.swift; sourceTree = "<group>"; };
		D3A3885B2C727704001CE3EA /* LoginView.swift */ = {isa = PBXFileReference; lastKnownFileType = sourcecode.swift; path = LoginView.swift; sourceTree = "<group>"; };
		D3A3885D2C73970D001CE3EA /* CommonInputView.swift */ = {isa = PBXFileReference; lastKnownFileType = sourcecode.swift; path = CommonInputView.swift; sourceTree = "<group>"; };
		D3A3885F2C7398A4001CE3EA /* ViewExtension.swift */ = {isa = PBXFileReference; lastKnownFileType = sourcecode.swift; path = ViewExtension.swift; sourceTree = "<group>"; };
		D3A388612C73A558001CE3EA /* UIApplicationExtensions.swift */ = {isa = PBXFileReference; lastKnownFileType = sourcecode.swift; path = UIApplicationExtensions.swift; sourceTree = "<group>"; };
		D3A388642C73AFDE001CE3EA /* BackButtonView.swift */ = {isa = PBXFileReference; lastKnownFileType = sourcecode.swift; path = BackButtonView.swift; sourceTree = "<group>"; };
		D3A388942C74E7CB0059C3BB /* FindIdView.swift */ = {isa = PBXFileReference; lastKnownFileType = sourcecode.swift; path = FindIdView.swift; sourceTree = "<group>"; };
		D3A388962C74EFDD0059C3BB /* ResetPWView.swift */ = {isa = PBXFileReference; lastKnownFileType = sourcecode.swift; path = ResetPWView.swift; sourceTree = "<group>"; };
		D3A388982C74F6150059C3BB /* BindingExtensions.swift */ = {isa = PBXFileReference; lastKnownFileType = sourcecode.swift; path = BindingExtensions.swift; sourceTree = "<group>"; };
		D3A3889A2C7501D40059C3BB /* SignUpViewModel.swift */ = {isa = PBXFileReference; lastKnownFileType = sourcecode.swift; path = SignUpViewModel.swift; sourceTree = "<group>"; };
		D3A3889C2C78F2390059C3BB /* CalendarView.swift */ = {isa = PBXFileReference; lastKnownFileType = sourcecode.swift; path = CalendarView.swift; sourceTree = "<group>"; };
		D3A3889E2C78F4C10059C3BB /* RadioButton.swift */ = {isa = PBXFileReference; lastKnownFileType = sourcecode.swift; path = RadioButton.swift; sourceTree = "<group>"; };
		D3A388A02C7A339F0059C3BB /* CalendarInputView.swift */ = {isa = PBXFileReference; lastKnownFileType = sourcecode.swift; path = CalendarInputView.swift; sourceTree = "<group>"; };
		D3A388A22C7B17580059C3BB /* DateExtensions.swift */ = {isa = PBXFileReference; lastKnownFileType = sourcecode.swift; path = DateExtensions.swift; sourceTree = "<group>"; };
		D3A388A52C7B52B50059C3BB /* AuthCompleteView.swift */ = {isa = PBXFileReference; lastKnownFileType = sourcecode.swift; path = AuthCompleteView.swift; sourceTree = "<group>"; };
		D3A388A72C7B56090059C3BB /* GIFImageView.swift */ = {isa = PBXFileReference; lastKnownFileType = sourcecode.swift; path = GIFImageView.swift; sourceTree = "<group>"; };
		D3A388A92C7B56230059C3BB /* complete.gif */ = {isa = PBXFileReference; lastKnownFileType = image.gif; path = complete.gif; sourceTree = "<group>"; };
		D3A388AC2C7B7AD70059C3BB /* AppTabBarView.swift */ = {isa = PBXFileReference; lastKnownFileType = sourcecode.swift; path = AppTabBarView.swift; sourceTree = "<group>"; };
		D3A388B22C7B7E6B0059C3BB /* ProfileView.swift */ = {isa = PBXFileReference; lastKnownFileType = sourcecode.swift; path = ProfileView.swift; sourceTree = "<group>"; };
		D3A388B42C7B7E7C0059C3BB /* HistoryView.swift */ = {isa = PBXFileReference; lastKnownFileType = sourcecode.swift; path = HistoryView.swift; sourceTree = "<group>"; };
		D3A388B62C7B7E8A0059C3BB /* DiaryView.swift */ = {isa = PBXFileReference; lastKnownFileType = sourcecode.swift; path = DiaryView.swift; sourceTree = "<group>"; };
		D3A388B82C7B7E960059C3BB /* HomeView.swift */ = {isa = PBXFileReference; lastKnownFileType = sourcecode.swift; path = HomeView.swift; sourceTree = "<group>"; };
		D3A388BA2C7CBFDB0059C3BB /* CustomAlertView.swift */ = {isa = PBXFileReference; lastKnownFileType = sourcecode.swift; path = CustomAlertView.swift; sourceTree = "<group>"; };
		D3A388BC2C7CCC430059C3BB /* NotificationExtensions.swift */ = {isa = PBXFileReference; lastKnownFileType = sourcecode.swift; path = NotificationExtensions.swift; sourceTree = "<group>"; };
		D3A388BF2C7CD4620059C3BB /* ResearchInfoView.swift */ = {isa = PBXFileReference; lastKnownFileType = sourcecode.swift; path = ResearchInfoView.swift; sourceTree = "<group>"; };
		D3A388C12C81B83F0059C3BB /* HomeViewModel.swift */ = {isa = PBXFileReference; lastKnownFileType = sourcecode.swift; path = HomeViewModel.swift; sourceTree = "<group>"; };
		D3A388C52C8430E20059C3BB /* RandomSurveyView.swift */ = {isa = PBXFileReference; lastKnownFileType = sourcecode.swift; path = RandomSurveyView.swift; sourceTree = "<group>"; };
		D3A388C72C843E9D0059C3BB /* IntExtensions.swift */ = {isa = PBXFileReference; lastKnownFileType = sourcecode.swift; path = IntExtensions.swift; sourceTree = "<group>"; };
		D3A388C92C89F8F90059C3BB /* DiaryRandomSurveyView.swift */ = {isa = PBXFileReference; lastKnownFileType = sourcecode.swift; path = DiaryRandomSurveyView.swift; sourceTree = "<group>"; };
		D3A388CB2C89FABB0059C3BB /* CalendarScrollView.swift */ = {isa = PBXFileReference; lastKnownFileType = sourcecode.swift; path = CalendarScrollView.swift; sourceTree = "<group>"; };
		D3A388CD2C89FAE10059C3BB /* HistoryAddButtonView.swift */ = {isa = PBXFileReference; lastKnownFileType = sourcecode.swift; path = HistoryAddButtonView.swift; sourceTree = "<group>"; };
		D3A388CF2C8A02750059C3BB /* RandomSurveyCardView.swift */ = {isa = PBXFileReference; lastKnownFileType = sourcecode.swift; path = RandomSurveyCardView.swift; sourceTree = "<group>"; };
		D3A388D12C8A04230059C3BB /* TimePickerView.swift */ = {isa = PBXFileReference; lastKnownFileType = sourcecode.swift; path = TimePickerView.swift; sourceTree = "<group>"; };
		D3A388D32C8B605E0059C3BB /* TextEditorWithPlaceholderView.swift */ = {isa = PBXFileReference; lastKnownFileType = sourcecode.swift; path = TextEditorWithPlaceholderView.swift; sourceTree = "<group>"; };
		D3A388D62C8B6E3D0059C3BB /* DiaryResultView.swift */ = {isa = PBXFileReference; lastKnownFileType = sourcecode.swift; path = DiaryResultView.swift; sourceTree = "<group>"; };
		D3A388D82C8C4DA60059C3BB /* CustomSegmentedControl.swift */ = {isa = PBXFileReference; lastKnownFileType = sourcecode.swift; path = CustomSegmentedControl.swift; sourceTree = "<group>"; };
		D3A388DA2C8CB0FC0059C3BB /* HistoryViewModel.swift */ = {isa = PBXFileReference; lastKnownFileType = sourcecode.swift; path = HistoryViewModel.swift; sourceTree = "<group>"; };
		D3A388DD2C8CB8650059C3BB /* RandomSurveyResultView.swift */ = {isa = PBXFileReference; lastKnownFileType = sourcecode.swift; path = RandomSurveyResultView.swift; sourceTree = "<group>"; };
		D3A388DF2C8CBB3F0059C3BB /* HistoryResultCardView.swift */ = {isa = PBXFileReference; lastKnownFileType = sourcecode.swift; path = HistoryResultCardView.swift; sourceTree = "<group>"; };
		D3A388E22C8DE7C30059C3BB /* PreviousHistoryView.swift */ = {isa = PBXFileReference; lastKnownFileType = sourcecode.swift; path = PreviousHistoryView.swift; sourceTree = "<group>"; };
		D3A388E52C8F639B0059C3BB /* APIClient.swift */ = {isa = PBXFileReference; lastKnownFileType = sourcecode.swift; path = APIClient.swift; sourceTree = "<group>"; };
		D3A388E82C8F64620059C3BB /* AuthInteractor.swift */ = {isa = PBXFileReference; lastKnownFileType = sourcecode.swift; path = AuthInteractor.swift; sourceTree = "<group>"; };
		D3A388EA2C8F64820059C3BB /* AuthViewModel.swift */ = {isa = PBXFileReference; lastKnownFileType = sourcecode.swift; path = AuthViewModel.swift; sourceTree = "<group>"; };
		D3A388EC2C8F68790059C3BB /* UserDefaultsExtensions.swift */ = {isa = PBXFileReference; lastKnownFileType = sourcecode.swift; path = UserDefaultsExtensions.swift; sourceTree = "<group>"; };
		D3A388EE2C933FD00059C3BB /* HomeInteractor.swift */ = {isa = PBXFileReference; lastKnownFileType = sourcecode.swift; path = HomeInteractor.swift; sourceTree = "<group>"; };
		D3A388F02C93505B0059C3BB /* Spinner.swift */ = {isa = PBXFileReference; lastKnownFileType = sourcecode.swift; path = Spinner.swift; sourceTree = "<group>"; };
		D3A388F22C9350B10059C3BB /* AppStateViewModel.swift */ = {isa = PBXFileReference; lastKnownFileType = sourcecode.swift; path = AppStateViewModel.swift; sourceTree = "<group>"; };
		D3B19E242C14569E00049383 /* phenoTrack.app */ = {isa = PBXFileReference; explicitFileType = wrapper.application; includeInIndex = 0; path = phenoTrack.app; sourceTree = BUILT_PRODUCTS_DIR; };
		D3B19E272C14569E00049383 /* healthKittApp.swift */ = {isa = PBXFileReference; lastKnownFileType = sourcecode.swift; path = healthKittApp.swift; sourceTree = "<group>"; };
		D3B19E292C14569E00049383 /* OnboardingView.swift */ = {isa = PBXFileReference; lastKnownFileType = sourcecode.swift; path = OnboardingView.swift; sourceTree = "<group>"; };
		D3B19E2B2C14569E00049383 /* Assets.xcassets */ = {isa = PBXFileReference; lastKnownFileType = folder.assetcatalog; path = Assets.xcassets; sourceTree = "<group>"; };
		D3B19E2E2C14569E00049383 /* Preview Assets.xcassets */ = {isa = PBXFileReference; lastKnownFileType = folder.assetcatalog; path = "Preview Assets.xcassets"; sourceTree = "<group>"; };
		D3B19E352C146A5500049383 /* phenoTrack.entitlements */ = {isa = PBXFileReference; lastKnownFileType = text.plist.entitlements; path = phenoTrack.entitlements; sourceTree = "<group>"; };
		D3B19E362C148E0500049383 /* HealthKitService.swift */ = {isa = PBXFileReference; lastKnownFileType = sourcecode.swift; path = HealthKitService.swift; sourceTree = "<group>"; };
		D3B19E382C14BAB400049383 /* Info.plist */ = {isa = PBXFileReference; lastKnownFileType = text.plist; path = Info.plist; sourceTree = "<group>"; };
		D3B19E392C14CC4900049383 /* AppDelegate.swift */ = {isa = PBXFileReference; lastKnownFileType = sourcecode.swift; path = AppDelegate.swift; sourceTree = "<group>"; };
		D3B19E3B2C15C70E00049383 /* SceneDelegate.swift */ = {isa = PBXFileReference; lastKnownFileType = sourcecode.swift; path = SceneDelegate.swift; sourceTree = "<group>"; };
		D3B79F4D2CA3152900701922 /* DiaryViewModel.swift */ = {isa = PBXFileReference; lastKnownFileType = sourcecode.swift; path = DiaryViewModel.swift; sourceTree = "<group>"; };
		D3B79F4F2CA3155200701922 /* DiaryInteractor.swift */ = {isa = PBXFileReference; lastKnownFileType = sourcecode.swift; path = DiaryInteractor.swift; sourceTree = "<group>"; };
		D3B79F512CA45D6200701922 /* HistoryInteractor.swift */ = {isa = PBXFileReference; lastKnownFileType = sourcecode.swift; path = HistoryInteractor.swift; sourceTree = "<group>"; };
		D3B79F532CA70E8B00701922 /* InfoTextView.swift */ = {isa = PBXFileReference; lastKnownFileType = sourcecode.swift; path = InfoTextView.swift; sourceTree = "<group>"; };
		D3B79F552CA712E400701922 /* privacyPolicy.txt */ = {isa = PBXFileReference; fileEncoding = 4; lastKnownFileType = text; path = privacyPolicy.txt; sourceTree = "<group>"; };
		D3B79F572CA7160600701922 /* sensitiveInfo.txt */ = {isa = PBXFileReference; fileEncoding = 4; lastKnownFileType = text; path = sensitiveInfo.txt; sourceTree = "<group>"; };
		D3B79F592CA71DA900701922 /* DiaryResultViewModel.swift */ = {isa = PBXFileReference; lastKnownFileType = sourcecode.swift; path = DiaryResultViewModel.swift; sourceTree = "<group>"; };
		D3B79F5B2CA71DC900701922 /* DiaryResultInteractor.swift */ = {isa = PBXFileReference; lastKnownFileType = sourcecode.swift; path = DiaryResultInteractor.swift; sourceTree = "<group>"; };
		D3F420232CA00BD200C2BB24 /* FindIdViewModel.swift */ = {isa = PBXFileReference; lastKnownFileType = sourcecode.swift; path = FindIdViewModel.swift; sourceTree = "<group>"; };
		D3F420252CA00C1700C2BB24 /* FindIdInteractor.swift */ = {isa = PBXFileReference; lastKnownFileType = sourcecode.swift; path = FindIdInteractor.swift; sourceTree = "<group>"; };
		D3F420272CA084D900C2BB24 /* RandomSurveyViewModel.swift */ = {isa = PBXFileReference; lastKnownFileType = sourcecode.swift; path = RandomSurveyViewModel.swift; sourceTree = "<group>"; };
		D3F420292CA084E000C2BB24 /* RandomSurveyInteractor.swift */ = {isa = PBXFileReference; lastKnownFileType = sourcecode.swift; path = RandomSurveyInteractor.swift; sourceTree = "<group>"; };
		D3F4202B2CA0917E00C2BB24 /* RandomSurveyCompleteView.swift */ = {isa = PBXFileReference; lastKnownFileType = sourcecode.swift; path = RandomSurveyCompleteView.swift; sourceTree = "<group>"; };
/* End PBXFileReference section */

/* Begin PBXFrameworksBuildPhase section */
		D3B19E212C14569E00049383 /* Frameworks */ = {
			isa = PBXFrameworksBuildPhase;
			buildActionMask = 2147483647;
			files = (
				D34F529C2CA1C46000875FCE /* FirebaseStorageCombine-Community in Frameworks */,
				D34F52942CA1C46000875FCE /* FirebaseMessaging in Frameworks */,
				D34F52922CA1C46000875FCE /* FirebaseMLModelDownloader in Frameworks */,
				D34F52782CA1C46000875FCE /* FirebaseAppCheck in Frameworks */,
				D34F527C2CA1C46000875FCE /* FirebaseAuth in Frameworks */,
				D34F52722CA1C46000875FCE /* FirebaseAnalytics in Frameworks */,
				D34F527A2CA1C46000875FCE /* FirebaseAppDistribution-Beta in Frameworks */,
				D34F52762CA1C46000875FCE /* FirebaseAnalyticsWithoutAdIdSupport in Frameworks */,
				D34F52802CA1C46000875FCE /* FirebaseCrashlytics in Frameworks */,
				D34F52822CA1C46000875FCE /* FirebaseDatabase in Frameworks */,
				D34F528C2CA1C46000875FCE /* FirebaseFunctionsCombine-Community in Frameworks */,
				D34F527E2CA1C46000875FCE /* FirebaseAuthCombine-Community in Frameworks */,
				D34F529A2CA1C46000875FCE /* FirebaseStorage in Frameworks */,
				D34F52742CA1C46000875FCE /* FirebaseAnalyticsOnDeviceConversion in Frameworks */,
				D34F528A2CA1C46000875FCE /* FirebaseFunctions in Frameworks */,
				D34F52902CA1C46000875FCE /* FirebaseInstallations in Frameworks */,
				D34F52962CA1C46000875FCE /* FirebasePerformance in Frameworks */,
				D34F52882CA1C46000875FCE /* FirebaseFirestoreCombine-Community in Frameworks */,
				D34F52862CA1C46000875FCE /* FirebaseFirestore in Frameworks */,
				D34F52842CA1C46000875FCE /* FirebaseDynamicLinks in Frameworks */,
				D34F528E2CA1C46000875FCE /* FirebaseInAppMessaging-Beta in Frameworks */,
				D34F529E2CA1C46000875FCE /* FirebaseVertexAI-Preview in Frameworks */,
				D34F52982CA1C46000875FCE /* FirebaseRemoteConfig in Frameworks */,
			);
			runOnlyForDeploymentPostprocessing = 0;
		};
/* End PBXFrameworksBuildPhase section */

/* Begin PBXGroup section */
		D31592A82CA9AB2900D63B3F /* edit */ = {
			isa = PBXGroup;
			children = (
				D31592A92CA9AB5500D63B3F /* ProfileEditView.swift */,
				D31592AB2CA9ABA600D63B3F /* ProfileEditViewModel.swift */,
				D31592AD2CA9ABB100D63B3F /* ProfileEditInteractor.swift */,
			);
			path = edit;
			sourceTree = "<group>";
		};
		D31592B02CA9BAA500D63B3F /* changePW */ = {
			isa = PBXGroup;
			children = (
				D31592B12CA9BB2D00D63B3F /* ChangePWView.swift */,
				D31592B32CA9BB9E00D63B3F /* ChangePWViewModel.swift */,
				D31592B52CA9BBC800D63B3F /* ChangePWInteractor.swift */,
			);
			path = changePW;
			sourceTree = "<group>";
		};
		D3A3884C2C726A18001CE3EA /* service */ = {
			isa = PBXGroup;
			children = (
				D3A3884D2C726A30001CE3EA /* HealthKitTypeHelper.swift */,
			);
			path = service;
			sourceTree = "<group>";
		};
		D3A3884F2C726A76001CE3EA /* feature */ = {
			isa = PBXGroup;
			children = (
				D3A388E12C8DE7B70059C3BB /* previousHistory */,
				D3A388C32C8430CC0059C3BB /* survey */,
				D3A388B12C7B7DE60059C3BB /* profile */,
				D3A388B02C7B7DE10059C3BB /* history */,
				D3A388AF2C7B7DDD0059C3BB /* diary */,
				D3A388AE2C7B7DD90059C3BB /* home */,
				D3A388932C74E7A00059C3BB /* resetPW */,
				D3A388922C74E7980059C3BB /* findId */,
				D3A388582C72767F001CE3EA /* signUp */,
				D3A388572C727676001CE3EA /* login */,
				D3A388502C726A7D001CE3EA /* Onboarding */,
				D3A388F22C9350B10059C3BB /* AppStateViewModel.swift */,
			);
			path = feature;
			sourceTree = "<group>";
		};
		D3A388502C726A7D001CE3EA /* Onboarding */ = {
			isa = PBXGroup;
			children = (
				D3B19E292C14569E00049383 /* OnboardingView.swift */,
			);
			path = Onboarding;
			sourceTree = "<group>";
		};
		D3A388512C726CF0001CE3EA /* util */ = {
			isa = PBXGroup;
			children = (
				D3A388632C73AFD3001CE3EA /* customView */,
				D3A388522C726D1C001CE3EA /* CommonSelectButton.swift */,
				D3A3885D2C73970D001CE3EA /* CommonInputView.swift */,
			);
			path = util;
			sourceTree = "<group>";
		};
		D3A388542C726D53001CE3EA /* extension */ = {
			isa = PBXGroup;
			children = (
				D3A388552C726D5C001CE3EA /* ColorExtensions.swift */,
				D3A3885F2C7398A4001CE3EA /* ViewExtension.swift */,
				D3A388612C73A558001CE3EA /* UIApplicationExtensions.swift */,
				D3A388982C74F6150059C3BB /* BindingExtensions.swift */,
				D3A388A22C7B17580059C3BB /* DateExtensions.swift */,
				D3A388BC2C7CCC430059C3BB /* NotificationExtensions.swift */,
				D3A388C72C843E9D0059C3BB /* IntExtensions.swift */,
				D3A388EC2C8F68790059C3BB /* UserDefaultsExtensions.swift */,
			);
			path = extension;
			sourceTree = "<group>";
		};
		D3A388572C727676001CE3EA /* login */ = {
			isa = PBXGroup;
			children = (
				D3A3885B2C727704001CE3EA /* LoginView.swift */,
				D3A388E82C8F64620059C3BB /* AuthInteractor.swift */,
				D3A388EA2C8F64820059C3BB /* AuthViewModel.swift */,
			);
			path = login;
			sourceTree = "<group>";
		};
		D3A388582C72767F001CE3EA /* signUp */ = {
			isa = PBXGroup;
			children = (
				D3A388A42C7B528D0059C3BB /* AuthComplete */,
				D3A388592C727691001CE3EA /* SignUpView.swift */,
				D3A3889A2C7501D40059C3BB /* SignUpViewModel.swift */,
			);
			path = signUp;
			sourceTree = "<group>";
		};
		D3A388632C73AFD3001CE3EA /* customView */ = {
			isa = PBXGroup;
			children = (
				D3A388642C73AFDE001CE3EA /* BackButtonView.swift */,
				D3A3889C2C78F2390059C3BB /* CalendarView.swift */,
				D3A3889E2C78F4C10059C3BB /* RadioButton.swift */,
				D3A388A02C7A339F0059C3BB /* CalendarInputView.swift */,
				D3A388A72C7B56090059C3BB /* GIFImageView.swift */,
				D3A388BA2C7CBFDB0059C3BB /* CustomAlertView.swift */,
				D3A388CB2C89FABB0059C3BB /* CalendarScrollView.swift */,
				D3A388D12C8A04230059C3BB /* TimePickerView.swift */,
				D3A388D32C8B605E0059C3BB /* TextEditorWithPlaceholderView.swift */,
				D3A388D82C8C4DA60059C3BB /* CustomSegmentedControl.swift */,
				D3A388F02C93505B0059C3BB /* Spinner.swift */,
			);
			path = customView;
			sourceTree = "<group>";
		};
		D3A388922C74E7980059C3BB /* findId */ = {
			isa = PBXGroup;
			children = (
				D3A388942C74E7CB0059C3BB /* FindIdView.swift */,
				D3F420232CA00BD200C2BB24 /* FindIdViewModel.swift */,
				D3F420252CA00C1700C2BB24 /* FindIdInteractor.swift */,
			);
			path = findId;
			sourceTree = "<group>";
		};
		D3A388932C74E7A00059C3BB /* resetPW */ = {
			isa = PBXGroup;
			children = (
				D3A388962C74EFDD0059C3BB /* ResetPWView.swift */,
				D31592A42CA983D700D63B3F /* ResetPWViewModel.swift */,
				D31592A62CA9853200D63B3F /* ResetPWInteractor.swift */,
			);
			path = resetPW;
			sourceTree = "<group>";
		};
		D3A388A42C7B528D0059C3BB /* AuthComplete */ = {
			isa = PBXGroup;
			children = (
				D3A388A52C7B52B50059C3BB /* AuthCompleteView.swift */,
			);
			path = AuthComplete;
			sourceTree = "<group>";
		};
		D3A388AE2C7B7DD90059C3BB /* home */ = {
			isa = PBXGroup;
			children = (
				D3A388B82C7B7E960059C3BB /* HomeView.swift */,
				D3A388C12C81B83F0059C3BB /* HomeViewModel.swift */,
				D3A388EE2C933FD00059C3BB /* HomeInteractor.swift */,
			);
			path = home;
			sourceTree = "<group>";
		};
		D3A388AF2C7B7DDD0059C3BB /* diary */ = {
			isa = PBXGroup;
			children = (
				D3B79F4C2CA3149E00701922 /* survey */,
				D3A388D52C8B6E330059C3BB /* result */,
				D3A388B62C7B7E8A0059C3BB /* DiaryView.swift */,
				D3A388CD2C89FAE10059C3BB /* HistoryAddButtonView.swift */,
				D3B79F4D2CA3152900701922 /* DiaryViewModel.swift */,
				D3B79F4F2CA3155200701922 /* DiaryInteractor.swift */,
			);
			path = diary;
			sourceTree = "<group>";
		};
		D3A388B02C7B7DE10059C3BB /* history */ = {
			isa = PBXGroup;
			children = (
				D3A388DC2C8CB8400059C3BB /* result */,
				D3A388B42C7B7E7C0059C3BB /* HistoryView.swift */,
				D3A388DA2C8CB0FC0059C3BB /* HistoryViewModel.swift */,
				D3B79F512CA45D6200701922 /* HistoryInteractor.swift */,
			);
			path = history;
			sourceTree = "<group>";
		};
		D3A388B12C7B7DE60059C3BB /* profile */ = {
			isa = PBXGroup;
			children = (
				D31592B02CA9BAA500D63B3F /* changePW */,
				D31592A82CA9AB2900D63B3F /* edit */,
				D3A388BE2C7CD3B60059C3BB /* detail */,
				D3A388B22C7B7E6B0059C3BB /* ProfileView.swift */,
			);
			path = profile;
			sourceTree = "<group>";
		};
		D3A388BE2C7CD3B60059C3BB /* detail */ = {
			isa = PBXGroup;
			children = (
				D3A388BF2C7CD4620059C3BB /* ResearchInfoView.swift */,
				D3B79F532CA70E8B00701922 /* InfoTextView.swift */,
			);
			path = detail;
			sourceTree = "<group>";
		};
		D3A388C32C8430CC0059C3BB /* survey */ = {
			isa = PBXGroup;
			children = (
				D3A388C42C8430D30059C3BB /* randomSurvey */,
			);
			path = survey;
			sourceTree = "<group>";
		};
		D3A388C42C8430D30059C3BB /* randomSurvey */ = {
			isa = PBXGroup;
			children = (
				D3A388C52C8430E20059C3BB /* RandomSurveyView.swift */,
				D3A388CF2C8A02750059C3BB /* RandomSurveyCardView.swift */,
				D3F420272CA084D900C2BB24 /* RandomSurveyViewModel.swift */,
				D3F420292CA084E000C2BB24 /* RandomSurveyInteractor.swift */,
				D3F4202B2CA0917E00C2BB24 /* RandomSurveyCompleteView.swift */,
				D35CB5C32CAC505600A0BFB6 /* RandomSurveyModifyView.swift */,
				D35CB5C52CAC51F900A0BFB6 /* RandomSurveyModifyCompleteView.swift */,
			);
			path = randomSurvey;
			sourceTree = "<group>";
		};
		D3A388D52C8B6E330059C3BB /* result */ = {
			isa = PBXGroup;
			children = (
				D3A388D62C8B6E3D0059C3BB /* DiaryResultView.swift */,
				D3B79F592CA71DA900701922 /* DiaryResultViewModel.swift */,
				D3B79F5B2CA71DC900701922 /* DiaryResultInteractor.swift */,
			);
			path = result;
			sourceTree = "<group>";
		};
		D3A388DC2C8CB8400059C3BB /* result */ = {
			isa = PBXGroup;
			children = (
				D3A388DD2C8CB8650059C3BB /* RandomSurveyResultView.swift */,
				D3A388DF2C8CBB3F0059C3BB /* HistoryResultCardView.swift */,
				D31592A02CA7240700D63B3F /* RandomSurveyResultViewModel.swift */,
				D31592A22CA7240D00D63B3F /* RandomSurveyResultInteractor.swift */,
			);
			path = result;
			sourceTree = "<group>";
		};
		D3A388E12C8DE7B70059C3BB /* previousHistory */ = {
			isa = PBXGroup;
			children = (
				D3A388E22C8DE7C30059C3BB /* PreviousHistoryView.swift */,
				D35CB5CB2CB81C0200A0BFB6 /* PreviousHistoryViewModel.swift */,
			);
			path = previousHistory;
			sourceTree = "<group>";
		};
		D3A388E42C8F638C0059C3BB /* API */ = {
			isa = PBXGroup;
			children = (
				D3A388E52C8F639B0059C3BB /* APIClient.swift */,
			);
			path = API;
			sourceTree = "<group>";
		};
		D3B19E1B2C14569D00049383 = {
			isa = PBXGroup;
			children = (
				D3B19E262C14569E00049383 /* phenoTrack */,
				D3B19E252C14569E00049383 /* Products */,
			);
			sourceTree = "<group>";
		};
		D3B19E252C14569E00049383 /* Products */ = {
			isa = PBXGroup;
			children = (
				D3B19E242C14569E00049383 /* phenoTrack.app */,
			);
			name = Products;
			sourceTree = "<group>";
		};
		D3B19E262C14569E00049383 /* phenoTrack */ = {
			isa = PBXGroup;
			children = (
				D35CB5C92CAFED0F00A0BFB6 /* GoogleService-Info.plist */,
				D3A388542C726D53001CE3EA /* extension */,
				D3A388512C726CF0001CE3EA /* util */,
				D3A3884F2C726A76001CE3EA /* feature */,
				D3A388E42C8F638C0059C3BB /* API */,
				D3A3884C2C726A18001CE3EA /* service */,
				D3B19E382C14BAB400049383 /* Info.plist */,
				D3B19E352C146A5500049383 /* phenoTrack.entitlements */,
				D3B79F552CA712E400701922 /* privacyPolicy.txt */,
				D3B79F572CA7160600701922 /* sensitiveInfo.txt */,
				D3B19E272C14569E00049383 /* healthKittApp.swift */,
				D3A388AC2C7B7AD70059C3BB /* AppTabBarView.swift */,
				D3A388A92C7B56230059C3BB /* complete.gif */,
				D3B19E2B2C14569E00049383 /* Assets.xcassets */,
				D3B19E2D2C14569E00049383 /* Preview Content */,
				D3B19E362C148E0500049383 /* HealthKitService.swift */,
				D3B19E392C14CC4900049383 /* AppDelegate.swift */,
				D3B19E3B2C15C70E00049383 /* SceneDelegate.swift */,
			);
			path = phenoTrack;
			sourceTree = "<group>";
		};
		D3B19E2D2C14569E00049383 /* Preview Content */ = {
			isa = PBXGroup;
			children = (
				D3B19E2E2C14569E00049383 /* Preview Assets.xcassets */,
			);
			path = "Preview Content";
			sourceTree = "<group>";
		};
		D3B79F4C2CA3149E00701922 /* survey */ = {
			isa = PBXGroup;
			children = (
				D3A388C92C89F8F90059C3BB /* DiaryRandomSurveyView.swift */,
				D34F529F2CA1CD9C00875FCE /* DiaryRandomSurveyViewModel.swift */,
				D34F52A12CA1CDA600875FCE /* DiaryRandomSurveyInteractor.swift */,
				D34F52A52CA2FF2B00875FCE /* DiaryRandomSurveyCompleteView.swift */,
				D35CB5C72CAD9EDD00A0BFB6 /* DiaryRandomSurveyModifyView.swift */,
			);
			path = survey;
			sourceTree = "<group>";
		};
/* End PBXGroup section */

/* Begin PBXNativeTarget section */
		D3B19E232C14569E00049383 /* phenoTrack */ = {
			isa = PBXNativeTarget;
			buildConfigurationList = D3B19E322C14569E00049383 /* Build configuration list for PBXNativeTarget "phenoTrack" */;
			buildPhases = (
				D3B19E202C14569E00049383 /* Sources */,
				D3B19E212C14569E00049383 /* Frameworks */,
				D3B19E222C14569E00049383 /* Resources */,
			);
			buildRules = (
			);
			dependencies = (
			);
			name = phenoTrack;
			packageProductDependencies = (
				D34F52712CA1C46000875FCE /* FirebaseAnalytics */,
				D34F52732CA1C46000875FCE /* FirebaseAnalyticsOnDeviceConversion */,
				D34F52752CA1C46000875FCE /* FirebaseAnalyticsWithoutAdIdSupport */,
				D34F52772CA1C46000875FCE /* FirebaseAppCheck */,
				D34F52792CA1C46000875FCE /* FirebaseAppDistribution-Beta */,
				D34F527B2CA1C46000875FCE /* FirebaseAuth */,
				D34F527D2CA1C46000875FCE /* FirebaseAuthCombine-Community */,
				D34F527F2CA1C46000875FCE /* FirebaseCrashlytics */,
				D34F52812CA1C46000875FCE /* FirebaseDatabase */,
				D34F52832CA1C46000875FCE /* FirebaseDynamicLinks */,
				D34F52852CA1C46000875FCE /* FirebaseFirestore */,
				D34F52872CA1C46000875FCE /* FirebaseFirestoreCombine-Community */,
				D34F52892CA1C46000875FCE /* FirebaseFunctions */,
				D34F528B2CA1C46000875FCE /* FirebaseFunctionsCombine-Community */,
				D34F528D2CA1C46000875FCE /* FirebaseInAppMessaging-Beta */,
				D34F528F2CA1C46000875FCE /* FirebaseInstallations */,
				D34F52912CA1C46000875FCE /* FirebaseMLModelDownloader */,
				D34F52932CA1C46000875FCE /* FirebaseMessaging */,
				D34F52952CA1C46000875FCE /* FirebasePerformance */,
				D34F52972CA1C46000875FCE /* FirebaseRemoteConfig */,
				D34F52992CA1C46000875FCE /* FirebaseStorage */,
				D34F529B2CA1C46000875FCE /* FirebaseStorageCombine-Community */,
				D34F529D2CA1C46000875FCE /* FirebaseVertexAI-Preview */,
			);
			productName = healthKitt;
			productReference = D3B19E242C14569E00049383 /* phenoTrack.app */;
			productType = "com.apple.product-type.application";
		};
/* End PBXNativeTarget section */

/* Begin PBXProject section */
		D3B19E1C2C14569D00049383 /* Project object */ = {
			isa = PBXProject;
			attributes = {
				BuildIndependentTargetsInParallel = 1;
				LastSwiftUpdateCheck = 1510;
				LastUpgradeCheck = 1510;
				TargetAttributes = {
					D3B19E232C14569E00049383 = {
						CreatedOnToolsVersion = 15.1;
					};
				};
			};
			buildConfigurationList = D3B19E1F2C14569D00049383 /* Build configuration list for PBXProject "phenoTrack" */;
			compatibilityVersion = "Xcode 14.0";
			developmentRegion = en;
			hasScannedForEncodings = 0;
			knownRegions = (
				en,
				Base,
			);
			mainGroup = D3B19E1B2C14569D00049383;
			packageReferences = (
				D34F52702CA1C46000875FCE /* XCRemoteSwiftPackageReference "firebase-ios-sdk" */,
			);
			productRefGroup = D3B19E252C14569E00049383 /* Products */;
			projectDirPath = "";
			projectRoot = "";
			targets = (
				D3B19E232C14569E00049383 /* phenoTrack */,
			);
		};
/* End PBXProject section */

/* Begin PBXResourcesBuildPhase section */
		D3B19E222C14569E00049383 /* Resources */ = {
			isa = PBXResourcesBuildPhase;
			buildActionMask = 2147483647;
			files = (
				D3B79F562CA712E400701922 /* privacyPolicy.txt in Resources */,
				D3B79F582CA7160600701922 /* sensitiveInfo.txt in Resources */,
				D3A388AA2C7B56230059C3BB /* complete.gif in Resources */,
				D3B19E2F2C14569E00049383 /* Preview Assets.xcassets in Resources */,
				D3B19E2C2C14569E00049383 /* Assets.xcassets in Resources */,
				D35CB5CA2CAFED0F00A0BFB6 /* GoogleService-Info.plist in Resources */,
			);
			runOnlyForDeploymentPostprocessing = 0;
		};
/* End PBXResourcesBuildPhase section */

/* Begin PBXSourcesBuildPhase section */
		D3B19E202C14569E00049383 /* Sources */ = {
			isa = PBXSourcesBuildPhase;
			buildActionMask = 2147483647;
			files = (
				D3A388C82C843E9D0059C3BB /* IntExtensions.swift in Sources */,
				D3A388D02C8A02750059C3BB /* RandomSurveyCardView.swift in Sources */,
				D3A388BB2C7CBFDB0059C3BB /* CustomAlertView.swift in Sources */,
				D3A388C22C81B83F0059C3BB /* HomeViewModel.swift in Sources */,
				D35CB5CC2CB81C0200A0BFB6 /* PreviousHistoryViewModel.swift in Sources */,
				D3B79F502CA3155200701922 /* DiaryInteractor.swift in Sources */,
				D3B79F5C2CA71DC900701922 /* DiaryResultInteractor.swift in Sources */,
				D3F420282CA084D900C2BB24 /* RandomSurveyViewModel.swift in Sources */,
				D31592A12CA7240700D63B3F /* RandomSurveyResultViewModel.swift in Sources */,
				D3A3884E2C726A30001CE3EA /* HealthKitTypeHelper.swift in Sources */,
				D35CB5C42CAC505600A0BFB6 /* RandomSurveyModifyView.swift in Sources */,
				D35CB5C62CAC51F900A0BFB6 /* RandomSurveyModifyCompleteView.swift in Sources */,
				D3A388972C74EFDD0059C3BB /* ResetPWView.swift in Sources */,
				D3A388652C73AFDE001CE3EA /* BackButtonView.swift in Sources */,
				D3A388EF2C933FD00059C3BB /* HomeInteractor.swift in Sources */,
				D3A388E32C8DE7C30059C3BB /* PreviousHistoryView.swift in Sources */,
				D3A388DE2C8CB8650059C3BB /* RandomSurveyResultView.swift in Sources */,
				D3A388A12C7A339F0059C3BB /* CalendarInputView.swift in Sources */,
				D3A388C02C7CD4620059C3BB /* ResearchInfoView.swift in Sources */,
				D3A388ED2C8F68790059C3BB /* UserDefaultsExtensions.swift in Sources */,
				D3B79F542CA70E8B00701922 /* InfoTextView.swift in Sources */,
				D3A388992C74F6150059C3BB /* BindingExtensions.swift in Sources */,
				D3A388A32C7B17580059C3BB /* DateExtensions.swift in Sources */,
				D3A388F12C93505B0059C3BB /* Spinner.swift in Sources */,
				D3A3889B2C7501D40059C3BB /* SignUpViewModel.swift in Sources */,
				D34F52A22CA1CDA600875FCE /* DiaryRandomSurveyInteractor.swift in Sources */,
				D35CB5C82CAD9EDD00A0BFB6 /* DiaryRandomSurveyModifyView.swift in Sources */,
				D31592A72CA9853200D63B3F /* ResetPWInteractor.swift in Sources */,
				D3A388B52C7B7E7C0059C3BB /* HistoryView.swift in Sources */,
				D3A388532C726D1C001CE3EA /* CommonSelectButton.swift in Sources */,
				D3F420242CA00BD200C2BB24 /* FindIdViewModel.swift in Sources */,
				D3B19E3C2C15C70E00049383 /* SceneDelegate.swift in Sources */,
				D3A388B72C7B7E8A0059C3BB /* DiaryView.swift in Sources */,
				D3A388CE2C89FAE10059C3BB /* HistoryAddButtonView.swift in Sources */,
				D3A388CC2C89FABB0059C3BB /* CalendarScrollView.swift in Sources */,
				D3B79F5A2CA71DA900701922 /* DiaryResultViewModel.swift in Sources */,
				D3A388EB2C8F64820059C3BB /* AuthViewModel.swift in Sources */,
				D31592B22CA9BB2D00D63B3F /* ChangePWView.swift in Sources */,
				D3A388D92C8C4DA60059C3BB /* CustomSegmentedControl.swift in Sources */,
				D3A388A82C7B56090059C3BB /* GIFImageView.swift in Sources */,
				D31592A52CA983D700D63B3F /* ResetPWViewModel.swift in Sources */,
				D3A388B92C7B7E960059C3BB /* HomeView.swift in Sources */,
				D3F4202A2CA084E000C2BB24 /* RandomSurveyInteractor.swift in Sources */,
				D31592AA2CA9AB5500D63B3F /* ProfileEditView.swift in Sources */,
				D31592AE2CA9ABB100D63B3F /* ProfileEditInteractor.swift in Sources */,
				D3A3889F2C78F4C10059C3BB /* RadioButton.swift in Sources */,
				D3B19E3A2C14CC4900049383 /* AppDelegate.swift in Sources */,
				D3B79F4E2CA3152900701922 /* DiaryViewModel.swift in Sources */,
				D3A388AD2C7B7AD70059C3BB /* AppTabBarView.swift in Sources */,
				D3A388D22C8A04230059C3BB /* TimePickerView.swift in Sources */,
				D3A388E02C8CBB3F0059C3BB /* HistoryResultCardView.swift in Sources */,
				D3A388F32C9350B10059C3BB /* AppStateViewModel.swift in Sources */,
				D3A388A62C7B52B50059C3BB /* AuthCompleteView.swift in Sources */,
				D3A388B32C7B7E6B0059C3BB /* ProfileView.swift in Sources */,
				D31592AC2CA9ABA600D63B3F /* ProfileEditViewModel.swift in Sources */,
				D3A388E92C8F64620059C3BB /* AuthInteractor.swift in Sources */,
				D3B19E2A2C14569E00049383 /* OnboardingView.swift in Sources */,
				D3A388D72C8B6E3D0059C3BB /* DiaryResultView.swift in Sources */,
				D3A388952C74E7CB0059C3BB /* FindIdView.swift in Sources */,
				D31592B42CA9BB9E00D63B3F /* ChangePWViewModel.swift in Sources */,
				D3A388C62C8430E20059C3BB /* RandomSurveyView.swift in Sources */,
				D31592A32CA7240D00D63B3F /* RandomSurveyResultInteractor.swift in Sources */,
				D3B19E282C14569E00049383 /* healthKittApp.swift in Sources */,
				D3A388E62C8F639B0059C3BB /* APIClient.swift in Sources */,
				D3A388622C73A558001CE3EA /* UIApplicationExtensions.swift in Sources */,
				D3A3889D2C78F2390059C3BB /* CalendarView.swift in Sources */,
				D3F4202C2CA0917E00C2BB24 /* RandomSurveyCompleteView.swift in Sources */,
				D3A388602C7398A4001CE3EA /* ViewExtension.swift in Sources */,
				D3A388DB2C8CB0FC0059C3BB /* HistoryViewModel.swift in Sources */,
				D3A388CA2C89F8F90059C3BB /* DiaryRandomSurveyView.swift in Sources */,
				D3A388D42C8B605E0059C3BB /* TextEditorWithPlaceholderView.swift in Sources */,
				D3A388BD2C7CCC430059C3BB /* NotificationExtensions.swift in Sources */,
				D34F52A62CA2FF2B00875FCE /* DiaryRandomSurveyCompleteView.swift in Sources */,
				D3F420262CA00C1700C2BB24 /* FindIdInteractor.swift in Sources */,
				D3A3885E2C73970D001CE3EA /* CommonInputView.swift in Sources */,
				D31592B62CA9BBC800D63B3F /* ChangePWInteractor.swift in Sources */,
				D3B19E372C148E0500049383 /* HealthKitService.swift in Sources */,
				D3A3885A2C727691001CE3EA /* SignUpView.swift in Sources */,
				D3A3885C2C727704001CE3EA /* LoginView.swift in Sources */,
				D3B79F522CA45D6200701922 /* HistoryInteractor.swift in Sources */,
				D34F52A02CA1CD9C00875FCE /* DiaryRandomSurveyViewModel.swift in Sources */,
				D3A388562C726D5C001CE3EA /* ColorExtensions.swift in Sources */,
			);
			runOnlyForDeploymentPostprocessing = 0;
		};
/* End PBXSourcesBuildPhase section */

/* Begin XCBuildConfiguration section */
		D3B19E302C14569E00049383 /* Debug */ = {
			isa = XCBuildConfiguration;
			buildSettings = {
				ALWAYS_SEARCH_USER_PATHS = NO;
				ASSETCATALOG_COMPILER_GENERATE_SWIFT_ASSET_SYMBOL_EXTENSIONS = YES;
				CLANG_ANALYZER_NONNULL = YES;
				CLANG_ANALYZER_NUMBER_OBJECT_CONVERSION = YES_AGGRESSIVE;
				CLANG_CXX_LANGUAGE_STANDARD = "gnu++20";
				CLANG_ENABLE_MODULES = YES;
				CLANG_ENABLE_OBJC_ARC = YES;
				CLANG_ENABLE_OBJC_WEAK = YES;
				CLANG_WARN_BLOCK_CAPTURE_AUTORELEASING = YES;
				CLANG_WARN_BOOL_CONVERSION = YES;
				CLANG_WARN_COMMA = YES;
				CLANG_WARN_CONSTANT_CONVERSION = YES;
				CLANG_WARN_DEPRECATED_OBJC_IMPLEMENTATIONS = YES;
				CLANG_WARN_DIRECT_OBJC_ISA_USAGE = YES_ERROR;
				CLANG_WARN_DOCUMENTATION_COMMENTS = YES;
				CLANG_WARN_EMPTY_BODY = YES;
				CLANG_WARN_ENUM_CONVERSION = YES;
				CLANG_WARN_INFINITE_RECURSION = YES;
				CLANG_WARN_INT_CONVERSION = YES;
				CLANG_WARN_NON_LITERAL_NULL_CONVERSION = YES;
				CLANG_WARN_OBJC_IMPLICIT_RETAIN_SELF = YES;
				CLANG_WARN_OBJC_LITERAL_CONVERSION = YES;
				CLANG_WARN_OBJC_ROOT_CLASS = YES_ERROR;
				CLANG_WARN_QUOTED_INCLUDE_IN_FRAMEWORK_HEADER = YES;
				CLANG_WARN_RANGE_LOOP_ANALYSIS = YES;
				CLANG_WARN_STRICT_PROTOTYPES = YES;
				CLANG_WARN_SUSPICIOUS_MOVE = YES;
				CLANG_WARN_UNGUARDED_AVAILABILITY = YES_AGGRESSIVE;
				CLANG_WARN_UNREACHABLE_CODE = YES;
				CLANG_WARN__DUPLICATE_METHOD_MATCH = YES;
				COPY_PHASE_STRIP = NO;
				DEBUG_INFORMATION_FORMAT = dwarf;
				ENABLE_STRICT_OBJC_MSGSEND = YES;
				ENABLE_TESTABILITY = YES;
				ENABLE_USER_SCRIPT_SANDBOXING = YES;
				GCC_C_LANGUAGE_STANDARD = gnu17;
				GCC_DYNAMIC_NO_PIC = NO;
				GCC_NO_COMMON_BLOCKS = YES;
				GCC_OPTIMIZATION_LEVEL = 0;
				GCC_PREPROCESSOR_DEFINITIONS = (
					"DEBUG=1",
					"$(inherited)",
				);
				GCC_WARN_64_TO_32_BIT_CONVERSION = YES;
				GCC_WARN_ABOUT_RETURN_TYPE = YES_ERROR;
				GCC_WARN_UNDECLARED_SELECTOR = YES;
				GCC_WARN_UNINITIALIZED_AUTOS = YES_AGGRESSIVE;
				GCC_WARN_UNUSED_FUNCTION = YES;
				GCC_WARN_UNUSED_VARIABLE = YES;
				IPHONEOS_DEPLOYMENT_TARGET = 17.0;
				LOCALIZATION_PREFERS_STRING_CATALOGS = YES;
				MTL_ENABLE_DEBUG_INFO = INCLUDE_SOURCE;
				MTL_FAST_MATH = YES;
				ONLY_ACTIVE_ARCH = YES;
				SDKROOT = iphoneos;
				SWIFT_ACTIVE_COMPILATION_CONDITIONS = "DEBUG $(inherited)";
				SWIFT_OPTIMIZATION_LEVEL = "-Onone";
			};
			name = Debug;
		};
		D3B19E312C14569E00049383 /* Release */ = {
			isa = XCBuildConfiguration;
			buildSettings = {
				ALWAYS_SEARCH_USER_PATHS = NO;
				ASSETCATALOG_COMPILER_GENERATE_SWIFT_ASSET_SYMBOL_EXTENSIONS = YES;
				CLANG_ANALYZER_NONNULL = YES;
				CLANG_ANALYZER_NUMBER_OBJECT_CONVERSION = YES_AGGRESSIVE;
				CLANG_CXX_LANGUAGE_STANDARD = "gnu++20";
				CLANG_ENABLE_MODULES = YES;
				CLANG_ENABLE_OBJC_ARC = YES;
				CLANG_ENABLE_OBJC_WEAK = YES;
				CLANG_WARN_BLOCK_CAPTURE_AUTORELEASING = YES;
				CLANG_WARN_BOOL_CONVERSION = YES;
				CLANG_WARN_COMMA = YES;
				CLANG_WARN_CONSTANT_CONVERSION = YES;
				CLANG_WARN_DEPRECATED_OBJC_IMPLEMENTATIONS = YES;
				CLANG_WARN_DIRECT_OBJC_ISA_USAGE = YES_ERROR;
				CLANG_WARN_DOCUMENTATION_COMMENTS = YES;
				CLANG_WARN_EMPTY_BODY = YES;
				CLANG_WARN_ENUM_CONVERSION = YES;
				CLANG_WARN_INFINITE_RECURSION = YES;
				CLANG_WARN_INT_CONVERSION = YES;
				CLANG_WARN_NON_LITERAL_NULL_CONVERSION = YES;
				CLANG_WARN_OBJC_IMPLICIT_RETAIN_SELF = YES;
				CLANG_WARN_OBJC_LITERAL_CONVERSION = YES;
				CLANG_WARN_OBJC_ROOT_CLASS = YES_ERROR;
				CLANG_WARN_QUOTED_INCLUDE_IN_FRAMEWORK_HEADER = YES;
				CLANG_WARN_RANGE_LOOP_ANALYSIS = YES;
				CLANG_WARN_STRICT_PROTOTYPES = YES;
				CLANG_WARN_SUSPICIOUS_MOVE = YES;
				CLANG_WARN_UNGUARDED_AVAILABILITY = YES_AGGRESSIVE;
				CLANG_WARN_UNREACHABLE_CODE = YES;
				CLANG_WARN__DUPLICATE_METHOD_MATCH = YES;
				COPY_PHASE_STRIP = NO;
				DEBUG_INFORMATION_FORMAT = "dwarf-with-dsym";
				ENABLE_NS_ASSERTIONS = NO;
				ENABLE_STRICT_OBJC_MSGSEND = YES;
				ENABLE_USER_SCRIPT_SANDBOXING = YES;
				GCC_C_LANGUAGE_STANDARD = gnu17;
				GCC_NO_COMMON_BLOCKS = YES;
				GCC_WARN_64_TO_32_BIT_CONVERSION = YES;
				GCC_WARN_ABOUT_RETURN_TYPE = YES_ERROR;
				GCC_WARN_UNDECLARED_SELECTOR = YES;
				GCC_WARN_UNINITIALIZED_AUTOS = YES_AGGRESSIVE;
				GCC_WARN_UNUSED_FUNCTION = YES;
				GCC_WARN_UNUSED_VARIABLE = YES;
				IPHONEOS_DEPLOYMENT_TARGET = 17.0;
				LOCALIZATION_PREFERS_STRING_CATALOGS = YES;
				MTL_ENABLE_DEBUG_INFO = NO;
				MTL_FAST_MATH = YES;
				SDKROOT = iphoneos;
				SWIFT_COMPILATION_MODE = wholemodule;
				VALIDATE_PRODUCT = YES;
			};
			name = Release;
		};
		D3B19E332C14569E00049383 /* Debug */ = {
			isa = XCBuildConfiguration;
			buildSettings = {
				ASSETCATALOG_COMPILER_APPICON_NAME = AppIcon;
				ASSETCATALOG_COMPILER_GLOBAL_ACCENT_COLOR_NAME = AccentColor;
				CODE_SIGN_ENTITLEMENTS = phenoTrack/phenoTrack.entitlements;
				CODE_SIGN_STYLE = Automatic;
				CURRENT_PROJECT_VERSION = 0.0.3;
				DEVELOPMENT_ASSET_PATHS = "\"phenoTrack/Preview Content\"";
				DEVELOPMENT_TEAM = FJQNU6W6N4;
				ENABLE_PREVIEWS = YES;
				GENERATE_INFOPLIST_FILE = YES;
				INFOPLIST_FILE = phenoTrack/Info.plist;
				INFOPLIST_KEY_CFBundleDisplayName = "피노트랙";
				INFOPLIST_KEY_NSHealthClinicalHealthRecordsShareUsageDescription = "연구 목적을 위해 건강 데이터 수집합니다.";
				INFOPLIST_KEY_NSHealthShareUsageDescription = "연구 목적을 위해 건강 데이터 수집합니다.";
				INFOPLIST_KEY_NSHealthUpdateUsageDescription = "연구 목적을 위해 건강 데이터 수집합니다.";
				INFOPLIST_KEY_UIApplicationSceneManifest_Generation = YES;
				INFOPLIST_KEY_UIApplicationSupportsIndirectInputEvents = YES;
				INFOPLIST_KEY_UILaunchScreen_Generation = YES;
				INFOPLIST_KEY_UISupportedInterfaceOrientations = UIInterfaceOrientationPortrait;
				INFOPLIST_KEY_UISupportedInterfaceOrientations_iPad = "UIInterfaceOrientationLandscapeLeft UIInterfaceOrientationLandscapeRight UIInterfaceOrientationPortrait UIInterfaceOrientationPortraitUpsideDown";
				INFOPLIST_KEY_UIUserInterfaceStyle = Light;
				IPHONEOS_DEPLOYMENT_TARGET = 17.0;
				LD_RUNPATH_SEARCH_PATHS = (
					"$(inherited)",
					"@executable_path/Frameworks",
				);
				MARKETING_VERSION = 1.0.7;
				PRODUCT_BUNDLE_IDENTIFIER = com.pheno.health;
				PRODUCT_NAME = "$(TARGET_NAME)";
				SWIFT_EMIT_LOC_STRINGS = YES;
				SWIFT_VERSION = 5.0;
				TARGETED_DEVICE_FAMILY = 1;
			};
			name = Debug;
		};
		D3B19E342C14569E00049383 /* Release */ = {
			isa = XCBuildConfiguration;
			buildSettings = {
				ASSETCATALOG_COMPILER_APPICON_NAME = AppIcon;
				ASSETCATALOG_COMPILER_GLOBAL_ACCENT_COLOR_NAME = AccentColor;
				CODE_SIGN_ENTITLEMENTS = phenoTrack/phenoTrack.entitlements;
				CODE_SIGN_STYLE = Automatic;
				CURRENT_PROJECT_VERSION = 0.0.3;
				DEVELOPMENT_ASSET_PATHS = "\"phenoTrack/Preview Content\"";
				DEVELOPMENT_TEAM = FJQNU6W6N4;
				ENABLE_PREVIEWS = YES;
				GENERATE_INFOPLIST_FILE = YES;
				INFOPLIST_FILE = phenoTrack/Info.plist;
				INFOPLIST_KEY_CFBundleDisplayName = "피노트랙";
				INFOPLIST_KEY_NSHealthClinicalHealthRecordsShareUsageDescription = "연구 목적을 위해 건강 데이터 수집합니다.";
				INFOPLIST_KEY_NSHealthShareUsageDescription = "연구 목적을 위해 건강 데이터 수집합니다.";
				INFOPLIST_KEY_NSHealthUpdateUsageDescription = "연구 목적을 위해 건강 데이터 수집합니다.";
				INFOPLIST_KEY_UIApplicationSceneManifest_Generation = YES;
				INFOPLIST_KEY_UIApplicationSupportsIndirectInputEvents = YES;
				INFOPLIST_KEY_UILaunchScreen_Generation = YES;
				INFOPLIST_KEY_UISupportedInterfaceOrientations = UIInterfaceOrientationPortrait;
				INFOPLIST_KEY_UISupportedInterfaceOrientations_iPad = "UIInterfaceOrientationLandscapeLeft UIInterfaceOrientationLandscapeRight UIInterfaceOrientationPortrait UIInterfaceOrientationPortraitUpsideDown";
				INFOPLIST_KEY_UIUserInterfaceStyle = Light;
				IPHONEOS_DEPLOYMENT_TARGET = 17.0;
				LD_RUNPATH_SEARCH_PATHS = (
					"$(inherited)",
					"@executable_path/Frameworks",
				);
				MARKETING_VERSION = 1.0.7;
				PRODUCT_BUNDLE_IDENTIFIER = com.pheno.health;
				PRODUCT_NAME = "$(TARGET_NAME)";
				SWIFT_EMIT_LOC_STRINGS = YES;
				SWIFT_VERSION = 5.0;
				TARGETED_DEVICE_FAMILY = 1;
			};
			name = Release;
		};
/* End XCBuildConfiguration section */

/* Begin XCConfigurationList section */
		D3B19E1F2C14569D00049383 /* Build configuration list for PBXProject "phenoTrack" */ = {
			isa = XCConfigurationList;
			buildConfigurations = (
				D3B19E302C14569E00049383 /* Debug */,
				D3B19E312C14569E00049383 /* Release */,
			);
			defaultConfigurationIsVisible = 0;
			defaultConfigurationName = Release;
		};
		D3B19E322C14569E00049383 /* Build configuration list for PBXNativeTarget "phenoTrack" */ = {
			isa = XCConfigurationList;
			buildConfigurations = (
				D3B19E332C14569E00049383 /* Debug */,
				D3B19E342C14569E00049383 /* Release */,
			);
			defaultConfigurationIsVisible = 0;
			defaultConfigurationName = Release;
		};
/* End XCConfigurationList section */

/* Begin XCRemoteSwiftPackageReference section */
		D34F52702CA1C46000875FCE /* XCRemoteSwiftPackageReference "firebase-ios-sdk" */ = {
			isa = XCRemoteSwiftPackageReference;
			repositoryURL = "https://github.com/firebase/firebase-ios-sdk.git";
			requirement = {
				kind = upToNextMajorVersion;
				minimumVersion = 11.2.0;
			};
		};
/* End XCRemoteSwiftPackageReference section */

/* Begin XCSwiftPackageProductDependency section */
		D34F52712CA1C46000875FCE /* FirebaseAnalytics */ = {
			isa = XCSwiftPackageProductDependency;
			package = D34F52702CA1C46000875FCE /* XCRemoteSwiftPackageReference "firebase-ios-sdk" */;
			productName = FirebaseAnalytics;
		};
		D34F52732CA1C46000875FCE /* FirebaseAnalyticsOnDeviceConversion */ = {
			isa = XCSwiftPackageProductDependency;
			package = D34F52702CA1C46000875FCE /* XCRemoteSwiftPackageReference "firebase-ios-sdk" */;
			productName = FirebaseAnalyticsOnDeviceConversion;
		};
		D34F52752CA1C46000875FCE /* FirebaseAnalyticsWithoutAdIdSupport */ = {
			isa = XCSwiftPackageProductDependency;
			package = D34F52702CA1C46000875FCE /* XCRemoteSwiftPackageReference "firebase-ios-sdk" */;
			productName = FirebaseAnalyticsWithoutAdIdSupport;
		};
		D34F52772CA1C46000875FCE /* FirebaseAppCheck */ = {
			isa = XCSwiftPackageProductDependency;
			package = D34F52702CA1C46000875FCE /* XCRemoteSwiftPackageReference "firebase-ios-sdk" */;
			productName = FirebaseAppCheck;
		};
		D34F52792CA1C46000875FCE /* FirebaseAppDistribution-Beta */ = {
			isa = XCSwiftPackageProductDependency;
			package = D34F52702CA1C46000875FCE /* XCRemoteSwiftPackageReference "firebase-ios-sdk" */;
			productName = "FirebaseAppDistribution-Beta";
		};
		D34F527B2CA1C46000875FCE /* FirebaseAuth */ = {
			isa = XCSwiftPackageProductDependency;
			package = D34F52702CA1C46000875FCE /* XCRemoteSwiftPackageReference "firebase-ios-sdk" */;
			productName = FirebaseAuth;
		};
		D34F527D2CA1C46000875FCE /* FirebaseAuthCombine-Community */ = {
			isa = XCSwiftPackageProductDependency;
			package = D34F52702CA1C46000875FCE /* XCRemoteSwiftPackageReference "firebase-ios-sdk" */;
			productName = "FirebaseAuthCombine-Community";
		};
		D34F527F2CA1C46000875FCE /* FirebaseCrashlytics */ = {
			isa = XCSwiftPackageProductDependency;
			package = D34F52702CA1C46000875FCE /* XCRemoteSwiftPackageReference "firebase-ios-sdk" */;
			productName = FirebaseCrashlytics;
		};
		D34F52812CA1C46000875FCE /* FirebaseDatabase */ = {
			isa = XCSwiftPackageProductDependency;
			package = D34F52702CA1C46000875FCE /* XCRemoteSwiftPackageReference "firebase-ios-sdk" */;
			productName = FirebaseDatabase;
		};
		D34F52832CA1C46000875FCE /* FirebaseDynamicLinks */ = {
			isa = XCSwiftPackageProductDependency;
			package = D34F52702CA1C46000875FCE /* XCRemoteSwiftPackageReference "firebase-ios-sdk" */;
			productName = FirebaseDynamicLinks;
		};
		D34F52852CA1C46000875FCE /* FirebaseFirestore */ = {
			isa = XCSwiftPackageProductDependency;
			package = D34F52702CA1C46000875FCE /* XCRemoteSwiftPackageReference "firebase-ios-sdk" */;
			productName = FirebaseFirestore;
		};
		D34F52872CA1C46000875FCE /* FirebaseFirestoreCombine-Community */ = {
			isa = XCSwiftPackageProductDependency;
			package = D34F52702CA1C46000875FCE /* XCRemoteSwiftPackageReference "firebase-ios-sdk" */;
			productName = "FirebaseFirestoreCombine-Community";
		};
		D34F52892CA1C46000875FCE /* FirebaseFunctions */ = {
			isa = XCSwiftPackageProductDependency;
			package = D34F52702CA1C46000875FCE /* XCRemoteSwiftPackageReference "firebase-ios-sdk" */;
			productName = FirebaseFunctions;
		};
		D34F528B2CA1C46000875FCE /* FirebaseFunctionsCombine-Community */ = {
			isa = XCSwiftPackageProductDependency;
			package = D34F52702CA1C46000875FCE /* XCRemoteSwiftPackageReference "firebase-ios-sdk" */;
			productName = "FirebaseFunctionsCombine-Community";
		};
		D34F528D2CA1C46000875FCE /* FirebaseInAppMessaging-Beta */ = {
			isa = XCSwiftPackageProductDependency;
			package = D34F52702CA1C46000875FCE /* XCRemoteSwiftPackageReference "firebase-ios-sdk" */;
			productName = "FirebaseInAppMessaging-Beta";
		};
		D34F528F2CA1C46000875FCE /* FirebaseInstallations */ = {
			isa = XCSwiftPackageProductDependency;
			package = D34F52702CA1C46000875FCE /* XCRemoteSwiftPackageReference "firebase-ios-sdk" */;
			productName = FirebaseInstallations;
		};
		D34F52912CA1C46000875FCE /* FirebaseMLModelDownloader */ = {
			isa = XCSwiftPackageProductDependency;
			package = D34F52702CA1C46000875FCE /* XCRemoteSwiftPackageReference "firebase-ios-sdk" */;
			productName = FirebaseMLModelDownloader;
		};
		D34F52932CA1C46000875FCE /* FirebaseMessaging */ = {
			isa = XCSwiftPackageProductDependency;
			package = D34F52702CA1C46000875FCE /* XCRemoteSwiftPackageReference "firebase-ios-sdk" */;
			productName = FirebaseMessaging;
		};
		D34F52952CA1C46000875FCE /* FirebasePerformance */ = {
			isa = XCSwiftPackageProductDependency;
			package = D34F52702CA1C46000875FCE /* XCRemoteSwiftPackageReference "firebase-ios-sdk" */;
			productName = FirebasePerformance;
		};
		D34F52972CA1C46000875FCE /* FirebaseRemoteConfig */ = {
			isa = XCSwiftPackageProductDependency;
			package = D34F52702CA1C46000875FCE /* XCRemoteSwiftPackageReference "firebase-ios-sdk" */;
			productName = FirebaseRemoteConfig;
		};
		D34F52992CA1C46000875FCE /* FirebaseStorage */ = {
			isa = XCSwiftPackageProductDependency;
			package = D34F52702CA1C46000875FCE /* XCRemoteSwiftPackageReference "firebase-ios-sdk" */;
			productName = FirebaseStorage;
		};
		D34F529B2CA1C46000875FCE /* FirebaseStorageCombine-Community */ = {
			isa = XCSwiftPackageProductDependency;
			package = D34F52702CA1C46000875FCE /* XCRemoteSwiftPackageReference "firebase-ios-sdk" */;
			productName = "FirebaseStorageCombine-Community";
		};
		D34F529D2CA1C46000875FCE /* FirebaseVertexAI-Preview */ = {
			isa = XCSwiftPackageProductDependency;
			package = D34F52702CA1C46000875FCE /* XCRemoteSwiftPackageReference "firebase-ios-sdk" */;
			productName = "FirebaseVertexAI-Preview";
		};
/* End XCSwiftPackageProductDependency section */
	};
	rootObject = D3B19E1C2C14569D00049383 /* Project object */;
}
