// !$*UTF8*$!
{
	archiveVersion = 1;
	classes = {
	};
	objectVersion = 56;
	objects = {

/* Begin PBXBuildFile section */
		D3A3884E2C726A30001CE3EA /* healthKitService.swift in Sources */ = {isa = PBXBuildFile; fileRef = D3A3884D2C726A30001CE3EA /* healthKitService.swift */; };
		D3A388532C726D1C001CE3EA /* CommonSelectButton.swift in Sources */ = {isa = PBXBuildFile; fileRef = D3A388522C726D1C001CE3EA /* CommonSelectButton.swift */; };
		D3A388562C726D5C001CE3EA /* ColorExtensions.swift in Sources */ = {isa = PBXBuildFile; fileRef = D3A388552C726D5C001CE3EA /* ColorExtensions.swift */; };
		D3A3885A2C727691001CE3EA /* SignUpView.swift in Sources */ = {isa = PBXBuildFile; fileRef = D3A388592C727691001CE3EA /* SignUpView.swift */; };
		D3A3885C2C727704001CE3EA /* LoginView.swift in Sources */ = {isa = PBXBuildFile; fileRef = D3A3885B2C727704001CE3EA /* LoginView.swift */; };
		D3A3885E2C73970D001CE3EA /* CommonInputView.swift in Sources */ = {isa = PBXBuildFile; fileRef = D3A3885D2C73970D001CE3EA /* CommonInputView.swift */; };
		D3A388602C7398A4001CE3EA /* ViewExtension.swift in Sources */ = {isa = PBXBuildFile; fileRef = D3A3885F2C7398A4001CE3EA /* ViewExtension.swift */; };
		D3A388622C73A558001CE3EA /* UIApplicationExtensions.swift in Sources */ = {isa = PBXBuildFile; fileRef = D3A388612C73A558001CE3EA /* UIApplicationExtensions.swift */; };
		D3A388652C73AFDE001CE3EA /* BackButtonView.swift in Sources */ = {isa = PBXBuildFile; fileRef = D3A388642C73AFDE001CE3EA /* BackButtonView.swift */; };
		D3A388952C74E7CB0059C3BB /* FindIdView.swift in Sources */ = {isa = PBXBuildFile; fileRef = D3A388942C74E7CB0059C3BB /* FindIdView.swift */; };
		D3A388972C74EFDD0059C3BB /* ResetPWView.swift in Sources */ = {isa = PBXBuildFile; fileRef = D3A388962C74EFDD0059C3BB /* ResetPWView.swift */; };
		D3A388992C74F6150059C3BB /* BindingExtensions.swift in Sources */ = {isa = PBXBuildFile; fileRef = D3A388982C74F6150059C3BB /* BindingExtensions.swift */; };
		D3A3889B2C7501D40059C3BB /* SignUpViewModel.swift in Sources */ = {isa = PBXBuildFile; fileRef = D3A3889A2C7501D40059C3BB /* SignUpViewModel.swift */; };
		D3A3889D2C78F2390059C3BB /* CalendarView.swift in Sources */ = {isa = PBXBuildFile; fileRef = D3A3889C2C78F2390059C3BB /* CalendarView.swift */; };
		D3A3889F2C78F4C10059C3BB /* RadioButton.swift in Sources */ = {isa = PBXBuildFile; fileRef = D3A3889E2C78F4C10059C3BB /* RadioButton.swift */; };
		D3A388A12C7A339F0059C3BB /* CalendarInputView.swift in Sources */ = {isa = PBXBuildFile; fileRef = D3A388A02C7A339F0059C3BB /* CalendarInputView.swift */; };
		D3A388A32C7B17580059C3BB /* DateExtensions.swift in Sources */ = {isa = PBXBuildFile; fileRef = D3A388A22C7B17580059C3BB /* DateExtensions.swift */; };
		D3A388A62C7B52B50059C3BB /* AuthCompleteView.swift in Sources */ = {isa = PBXBuildFile; fileRef = D3A388A52C7B52B50059C3BB /* AuthCompleteView.swift */; };
		D3A388A82C7B56090059C3BB /* GIFImageView.swift in Sources */ = {isa = PBXBuildFile; fileRef = D3A388A72C7B56090059C3BB /* GIFImageView.swift */; };
		D3A388AA2C7B56230059C3BB /* complete.gif in Resources */ = {isa = PBXBuildFile; fileRef = D3A388A92C7B56230059C3BB /* complete.gif */; };
		D3A388AD2C7B7AD70059C3BB /* AppTabBarView.swift in Sources */ = {isa = PBXBuildFile; fileRef = D3A388AC2C7B7AD70059C3BB /* AppTabBarView.swift */; };
		D3A388B32C7B7E6B0059C3BB /* ProfileView.swift in Sources */ = {isa = PBXBuildFile; fileRef = D3A388B22C7B7E6B0059C3BB /* ProfileView.swift */; };
		D3A388B52C7B7E7C0059C3BB /* HistoryView.swift in Sources */ = {isa = PBXBuildFile; fileRef = D3A388B42C7B7E7C0059C3BB /* HistoryView.swift */; };
		D3A388B72C7B7E8A0059C3BB /* DiaryView.swift in Sources */ = {isa = PBXBuildFile; fileRef = D3A388B62C7B7E8A0059C3BB /* DiaryView.swift */; };
		D3A388B92C7B7E960059C3BB /* HomeView.swift in Sources */ = {isa = PBXBuildFile; fileRef = D3A388B82C7B7E960059C3BB /* HomeView.swift */; };
		D3A388BB2C7CBFDB0059C3BB /* CustomAlertView.swift in Sources */ = {isa = PBXBuildFile; fileRef = D3A388BA2C7CBFDB0059C3BB /* CustomAlertView.swift */; };
		D3A388BD2C7CCC430059C3BB /* NotificationExtensions.swift in Sources */ = {isa = PBXBuildFile; fileRef = D3A388BC2C7CCC430059C3BB /* NotificationExtensions.swift */; };
		D3A388C02C7CD4620059C3BB /* ResearchInfoView.swift in Sources */ = {isa = PBXBuildFile; fileRef = D3A388BF2C7CD4620059C3BB /* ResearchInfoView.swift */; };
		D3B19E282C14569E00049383 /* healthKittApp.swift in Sources */ = {isa = PBXBuildFile; fileRef = D3B19E272C14569E00049383 /* healthKittApp.swift */; };
		D3B19E2A2C14569E00049383 /* OnboardingView.swift in Sources */ = {isa = PBXBuildFile; fileRef = D3B19E292C14569E00049383 /* OnboardingView.swift */; };
		D3B19E2C2C14569E00049383 /* Assets.xcassets in Resources */ = {isa = PBXBuildFile; fileRef = D3B19E2B2C14569E00049383 /* Assets.xcassets */; };
		D3B19E2F2C14569E00049383 /* Preview Assets.xcassets in Resources */ = {isa = PBXBuildFile; fileRef = D3B19E2E2C14569E00049383 /* Preview Assets.xcassets */; };
		D3B19E372C148E0500049383 /* HealthKitService.swift in Sources */ = {isa = PBXBuildFile; fileRef = D3B19E362C148E0500049383 /* HealthKitService.swift */; };
		D3B19E3A2C14CC4900049383 /* AppDelegate.swift in Sources */ = {isa = PBXBuildFile; fileRef = D3B19E392C14CC4900049383 /* AppDelegate.swift */; };
		D3B19E3C2C15C70E00049383 /* SceneDelegate.swift in Sources */ = {isa = PBXBuildFile; fileRef = D3B19E3B2C15C70E00049383 /* SceneDelegate.swift */; };
/* End PBXBuildFile section */

/* Begin PBXFileReference section */
		D3A3884D2C726A30001CE3EA /* healthKitService.swift */ = {isa = PBXFileReference; lastKnownFileType = sourcecode.swift; path = healthKitService.swift; sourceTree = "<group>"; };
		D3A388522C726D1C001CE3EA /* CommonSelectButton.swift */ = {isa = PBXFileReference; lastKnownFileType = sourcecode.swift; path = CommonSelectButton.swift; sourceTree = "<group>"; };
		D3A388552C726D5C001CE3EA /* ColorExtensions.swift */ = {isa = PBXFileReference; lastKnownFileType = sourcecode.swift; path = ColorExtensions.swift; sourceTree = "<group>"; };
		D3A388592C727691001CE3EA /* SignUpView.swift */ = {isa = PBXFileReference; lastKnownFileType = sourcecode.swift; path = SignUpView.swift; sourceTree = "<group>"; };
		D3A3885B2C727704001CE3EA /* LoginView.swift */ = {isa = PBXFileReference; lastKnownFileType = sourcecode.swift; path = LoginView.swift; sourceTree = "<group>"; };
		D3A3885D2C73970D001CE3EA /* CommonInputView.swift */ = {isa = PBXFileReference; lastKnownFileType = sourcecode.swift; path = CommonInputView.swift; sourceTree = "<group>"; };
		D3A3885F2C7398A4001CE3EA /* ViewExtension.swift */ = {isa = PBXFileReference; lastKnownFileType = sourcecode.swift; path = ViewExtension.swift; sourceTree = "<group>"; };
		D3A388612C73A558001CE3EA /* UIApplicationExtensions.swift */ = {isa = PBXFileReference; lastKnownFileType = sourcecode.swift; path = UIApplicationExtensions.swift; sourceTree = "<group>"; };
		D3A388642C73AFDE001CE3EA /* BackButtonView.swift */ = {isa = PBXFileReference; lastKnownFileType = sourcecode.swift; path = BackButtonView.swift; sourceTree = "<group>"; };
		D3A388942C74E7CB0059C3BB /* FindIdView.swift */ = {isa = PBXFileReference; lastKnownFileType = sourcecode.swift; path = FindIdView.swift; sourceTree = "<group>"; };
		D3A388962C74EFDD0059C3BB /* ResetPWView.swift */ = {isa = PBXFileReference; lastKnownFileType = sourcecode.swift; path = ResetPWView.swift; sourceTree = "<group>"; };
		D3A388982C74F6150059C3BB /* BindingExtensions.swift */ = {isa = PBXFileReference; lastKnownFileType = sourcecode.swift; path = BindingExtensions.swift; sourceTree = "<group>"; };
		D3A3889A2C7501D40059C3BB /* SignUpViewModel.swift */ = {isa = PBXFileReference; lastKnownFileType = sourcecode.swift; path = SignUpViewModel.swift; sourceTree = "<group>"; };
		D3A3889C2C78F2390059C3BB /* CalendarView.swift */ = {isa = PBXFileReference; lastKnownFileType = sourcecode.swift; path = CalendarView.swift; sourceTree = "<group>"; };
		D3A3889E2C78F4C10059C3BB /* RadioButton.swift */ = {isa = PBXFileReference; lastKnownFileType = sourcecode.swift; path = RadioButton.swift; sourceTree = "<group>"; };
		D3A388A02C7A339F0059C3BB /* CalendarInputView.swift */ = {isa = PBXFileReference; lastKnownFileType = sourcecode.swift; path = CalendarInputView.swift; sourceTree = "<group>"; };
		D3A388A22C7B17580059C3BB /* DateExtensions.swift */ = {isa = PBXFileReference; lastKnownFileType = sourcecode.swift; path = DateExtensions.swift; sourceTree = "<group>"; };
		D3A388A52C7B52B50059C3BB /* AuthCompleteView.swift */ = {isa = PBXFileReference; lastKnownFileType = sourcecode.swift; path = AuthCompleteView.swift; sourceTree = "<group>"; };
		D3A388A72C7B56090059C3BB /* GIFImageView.swift */ = {isa = PBXFileReference; lastKnownFileType = sourcecode.swift; path = GIFImageView.swift; sourceTree = "<group>"; };
		D3A388A92C7B56230059C3BB /* complete.gif */ = {isa = PBXFileReference; lastKnownFileType = image.gif; path = complete.gif; sourceTree = "<group>"; };
		D3A388AC2C7B7AD70059C3BB /* AppTabBarView.swift */ = {isa = PBXFileReference; lastKnownFileType = sourcecode.swift; path = AppTabBarView.swift; sourceTree = "<group>"; };
		D3A388B22C7B7E6B0059C3BB /* ProfileView.swift */ = {isa = PBXFileReference; lastKnownFileType = sourcecode.swift; path = ProfileView.swift; sourceTree = "<group>"; };
		D3A388B42C7B7E7C0059C3BB /* HistoryView.swift */ = {isa = PBXFileReference; lastKnownFileType = sourcecode.swift; path = HistoryView.swift; sourceTree = "<group>"; };
		D3A388B62C7B7E8A0059C3BB /* DiaryView.swift */ = {isa = PBXFileReference; lastKnownFileType = sourcecode.swift; path = DiaryView.swift; sourceTree = "<group>"; };
		D3A388B82C7B7E960059C3BB /* HomeView.swift */ = {isa = PBXFileReference; lastKnownFileType = sourcecode.swift; path = HomeView.swift; sourceTree = "<group>"; };
		D3A388BA2C7CBFDB0059C3BB /* CustomAlertView.swift */ = {isa = PBXFileReference; lastKnownFileType = sourcecode.swift; path = CustomAlertView.swift; sourceTree = "<group>"; };
		D3A388BC2C7CCC430059C3BB /* NotificationExtensions.swift */ = {isa = PBXFileReference; lastKnownFileType = sourcecode.swift; path = NotificationExtensions.swift; sourceTree = "<group>"; };
		D3A388BF2C7CD4620059C3BB /* ResearchInfoView.swift */ = {isa = PBXFileReference; lastKnownFileType = sourcecode.swift; path = ResearchInfoView.swift; sourceTree = "<group>"; };
		D3B19E242C14569E00049383 /* healthKitt.app */ = {isa = PBXFileReference; explicitFileType = wrapper.application; includeInIndex = 0; path = healthKitt.app; sourceTree = BUILT_PRODUCTS_DIR; };
		D3B19E272C14569E00049383 /* healthKittApp.swift */ = {isa = PBXFileReference; lastKnownFileType = sourcecode.swift; path = healthKittApp.swift; sourceTree = "<group>"; };
		D3B19E292C14569E00049383 /* OnboardingView.swift */ = {isa = PBXFileReference; lastKnownFileType = sourcecode.swift; path = OnboardingView.swift; sourceTree = "<group>"; };
		D3B19E2B2C14569E00049383 /* Assets.xcassets */ = {isa = PBXFileReference; lastKnownFileType = folder.assetcatalog; path = Assets.xcassets; sourceTree = "<group>"; };
		D3B19E2E2C14569E00049383 /* Preview Assets.xcassets */ = {isa = PBXFileReference; lastKnownFileType = folder.assetcatalog; path = "Preview Assets.xcassets"; sourceTree = "<group>"; };
		D3B19E352C146A5500049383 /* healthKitt.entitlements */ = {isa = PBXFileReference; lastKnownFileType = text.plist.entitlements; path = healthKitt.entitlements; sourceTree = "<group>"; };
		D3B19E362C148E0500049383 /* HealthKitService.swift */ = {isa = PBXFileReference; lastKnownFileType = sourcecode.swift; path = HealthKitService.swift; sourceTree = "<group>"; };
		D3B19E382C14BAB400049383 /* Info.plist */ = {isa = PBXFileReference; lastKnownFileType = text.plist; path = Info.plist; sourceTree = "<group>"; };
		D3B19E392C14CC4900049383 /* AppDelegate.swift */ = {isa = PBXFileReference; lastKnownFileType = sourcecode.swift; path = AppDelegate.swift; sourceTree = "<group>"; };
		D3B19E3B2C15C70E00049383 /* SceneDelegate.swift */ = {isa = PBXFileReference; lastKnownFileType = sourcecode.swift; path = SceneDelegate.swift; sourceTree = "<group>"; };
/* End PBXFileReference section */

/* Begin PBXFrameworksBuildPhase section */
		D3B19E212C14569E00049383 /* Frameworks */ = {
			isa = PBXFrameworksBuildPhase;
			buildActionMask = 2147483647;
			files = (
			);
			runOnlyForDeploymentPostprocessing = 0;
		};
/* End PBXFrameworksBuildPhase section */

/* Begin PBXGroup section */
		D3A3884C2C726A18001CE3EA /* service */ = {
			isa = PBXGroup;
			children = (
				D3A3884D2C726A30001CE3EA /* healthKitService.swift */,
			);
			path = service;
			sourceTree = "<group>";
		};
		D3A3884F2C726A76001CE3EA /* feature */ = {
			isa = PBXGroup;
			children = (
				D3A388B12C7B7DE60059C3BB /* profile */,
				D3A388B02C7B7DE10059C3BB /* history */,
				D3A388AF2C7B7DDD0059C3BB /* diary */,
				D3A388AE2C7B7DD90059C3BB /* home */,
				D3A388932C74E7A00059C3BB /* resetPW */,
				D3A388922C74E7980059C3BB /* findId */,
				D3A388582C72767F001CE3EA /* signUp */,
				D3A388572C727676001CE3EA /* login */,
				D3A388502C726A7D001CE3EA /* Onboarding */,
			);
			path = feature;
			sourceTree = "<group>";
		};
		D3A388502C726A7D001CE3EA /* Onboarding */ = {
			isa = PBXGroup;
			children = (
				D3B19E292C14569E00049383 /* OnboardingView.swift */,
			);
			path = Onboarding;
			sourceTree = "<group>";
		};
		D3A388512C726CF0001CE3EA /* util */ = {
			isa = PBXGroup;
			children = (
				D3A388632C73AFD3001CE3EA /* customView */,
				D3A388522C726D1C001CE3EA /* CommonSelectButton.swift */,
				D3A3885D2C73970D001CE3EA /* CommonInputView.swift */,
			);
			path = util;
			sourceTree = "<group>";
		};
		D3A388542C726D53001CE3EA /* extension */ = {
			isa = PBXGroup;
			children = (
				D3A388552C726D5C001CE3EA /* ColorExtensions.swift */,
				D3A3885F2C7398A4001CE3EA /* ViewExtension.swift */,
				D3A388612C73A558001CE3EA /* UIApplicationExtensions.swift */,
				D3A388982C74F6150059C3BB /* BindingExtensions.swift */,
				D3A388A22C7B17580059C3BB /* DateExtensions.swift */,
				D3A388BC2C7CCC430059C3BB /* NotificationExtensions.swift */,
			);
			path = extension;
			sourceTree = "<group>";
		};
		D3A388572C727676001CE3EA /* login */ = {
			isa = PBXGroup;
			children = (
				D3A3885B2C727704001CE3EA /* LoginView.swift */,
			);
			path = login;
			sourceTree = "<group>";
		};
		D3A388582C72767F001CE3EA /* signUp */ = {
			isa = PBXGroup;
			children = (
				D3A388A42C7B528D0059C3BB /* AuthComplete */,
				D3A388592C727691001CE3EA /* SignUpView.swift */,
				D3A3889A2C7501D40059C3BB /* SignUpViewModel.swift */,
			);
			path = signUp;
			sourceTree = "<group>";
		};
		D3A388632C73AFD3001CE3EA /* customView */ = {
			isa = PBXGroup;
			children = (
				D3A388642C73AFDE001CE3EA /* BackButtonView.swift */,
				D3A3889C2C78F2390059C3BB /* CalendarView.swift */,
				D3A3889E2C78F4C10059C3BB /* RadioButton.swift */,
				D3A388A02C7A339F0059C3BB /* CalendarInputView.swift */,
				D3A388A72C7B56090059C3BB /* GIFImageView.swift */,
				D3A388BA2C7CBFDB0059C3BB /* CustomAlertView.swift */,
			);
			path = customView;
			sourceTree = "<group>";
		};
		D3A388922C74E7980059C3BB /* findId */ = {
			isa = PBXGroup;
			children = (
				D3A388942C74E7CB0059C3BB /* FindIdView.swift */,
			);
			path = findId;
			sourceTree = "<group>";
		};
		D3A388932C74E7A00059C3BB /* resetPW */ = {
			isa = PBXGroup;
			children = (
				D3A388962C74EFDD0059C3BB /* ResetPWView.swift */,
			);
			path = resetPW;
			sourceTree = "<group>";
		};
		D3A388A42C7B528D0059C3BB /* AuthComplete */ = {
			isa = PBXGroup;
			children = (
				D3A388A52C7B52B50059C3BB /* AuthCompleteView.swift */,
			);
			path = AuthComplete;
			sourceTree = "<group>";
		};
		D3A388AE2C7B7DD90059C3BB /* home */ = {
			isa = PBXGroup;
			children = (
				D3A388B82C7B7E960059C3BB /* HomeView.swift */,
			);
			path = home;
			sourceTree = "<group>";
		};
		D3A388AF2C7B7DDD0059C3BB /* diary */ = {
			isa = PBXGroup;
			children = (
				D3A388B62C7B7E8A0059C3BB /* DiaryView.swift */,
			);
			path = diary;
			sourceTree = "<group>";
		};
		D3A388B02C7B7DE10059C3BB /* history */ = {
			isa = PBXGroup;
			children = (
				D3A388B42C7B7E7C0059C3BB /* HistoryView.swift */,
			);
			path = history;
			sourceTree = "<group>";
		};
		D3A388B12C7B7DE60059C3BB /* profile */ = {
			isa = PBXGroup;
			children = (
				D3A388BE2C7CD3B60059C3BB /* detail */,
				D3A388B22C7B7E6B0059C3BB /* ProfileView.swift */,
			);
			path = profile;
			sourceTree = "<group>";
		};
		D3A388BE2C7CD3B60059C3BB /* detail */ = {
			isa = PBXGroup;
			children = (
				D3A388BF2C7CD4620059C3BB /* ResearchInfoView.swift */,
			);
			path = detail;
			sourceTree = "<group>";
		};
		D3B19E1B2C14569D00049383 = {
			isa = PBXGroup;
			children = (
				D3B19E262C14569E00049383 /* healthKitt */,
				D3B19E252C14569E00049383 /* Products */,
			);
			sourceTree = "<group>";
		};
		D3B19E252C14569E00049383 /* Products */ = {
			isa = PBXGroup;
			children = (
				D3B19E242C14569E00049383 /* healthKitt.app */,
			);
			name = Products;
			sourceTree = "<group>";
		};
		D3B19E262C14569E00049383 /* healthKitt */ = {
			isa = PBXGroup;
			children = (
				D3A388542C726D53001CE3EA /* extension */,
				D3A388512C726CF0001CE3EA /* util */,
				D3A3884F2C726A76001CE3EA /* feature */,
				D3A3884C2C726A18001CE3EA /* service */,
				D3B19E382C14BAB400049383 /* Info.plist */,
				D3B19E352C146A5500049383 /* healthKitt.entitlements */,
				D3B19E272C14569E00049383 /* healthKittApp.swift */,
				D3A388AC2C7B7AD70059C3BB /* AppTabBarView.swift */,
				D3A388A92C7B56230059C3BB /* complete.gif */,
				D3B19E2B2C14569E00049383 /* Assets.xcassets */,
				D3B19E2D2C14569E00049383 /* Preview Content */,
				D3B19E362C148E0500049383 /* HealthKitService.swift */,
				D3B19E392C14CC4900049383 /* AppDelegate.swift */,
				D3B19E3B2C15C70E00049383 /* SceneDelegate.swift */,
			);
			path = healthKitt;
			sourceTree = "<group>";
		};
		D3B19E2D2C14569E00049383 /* Preview Content */ = {
			isa = PBXGroup;
			children = (
				D3B19E2E2C14569E00049383 /* Preview Assets.xcassets */,
			);
			path = "Preview Content";
			sourceTree = "<group>";
		};
/* End PBXGroup section */

/* Begin PBXNativeTarget section */
		D3B19E232C14569E00049383 /* healthKitt */ = {
			isa = PBXNativeTarget;
			buildConfigurationList = D3B19E322C14569E00049383 /* Build configuration list for PBXNativeTarget "healthKitt" */;
			buildPhases = (
				D3B19E202C14569E00049383 /* Sources */,
				D3B19E212C14569E00049383 /* Frameworks */,
				D3B19E222C14569E00049383 /* Resources */,
			);
			buildRules = (
			);
			dependencies = (
			);
			name = healthKitt;
			productName = healthKitt;
			productReference = D3B19E242C14569E00049383 /* healthKitt.app */;
			productType = "com.apple.product-type.application";
		};
/* End PBXNativeTarget section */

/* Begin PBXProject section */
		D3B19E1C2C14569D00049383 /* Project object */ = {
			isa = PBXProject;
			attributes = {
				BuildIndependentTargetsInParallel = 1;
				LastSwiftUpdateCheck = 1510;
				LastUpgradeCheck = 1510;
				TargetAttributes = {
					D3B19E232C14569E00049383 = {
						CreatedOnToolsVersion = 15.1;
					};
				};
			};
			buildConfigurationList = D3B19E1F2C14569D00049383 /* Build configuration list for PBXProject "healthKitt" */;
			compatibilityVersion = "Xcode 14.0";
			developmentRegion = en;
			hasScannedForEncodings = 0;
			knownRegions = (
				en,
				Base,
			);
			mainGroup = D3B19E1B2C14569D00049383;
			productRefGroup = D3B19E252C14569E00049383 /* Products */;
			projectDirPath = "";
			projectRoot = "";
			targets = (
				D3B19E232C14569E00049383 /* healthKitt */,
			);
		};
/* End PBXProject section */

/* Begin PBXResourcesBuildPhase section */
		D3B19E222C14569E00049383 /* Resources */ = {
			isa = PBXResourcesBuildPhase;
			buildActionMask = 2147483647;
			files = (
				D3A388AA2C7B56230059C3BB /* complete.gif in Resources */,
				D3B19E2F2C14569E00049383 /* Preview Assets.xcassets in Resources */,
				D3B19E2C2C14569E00049383 /* Assets.xcassets in Resources */,
			);
			runOnlyForDeploymentPostprocessing = 0;
		};
/* End PBXResourcesBuildPhase section */

/* Begin PBXSourcesBuildPhase section */
		D3B19E202C14569E00049383 /* Sources */ = {
			isa = PBXSourcesBuildPhase;
			buildActionMask = 2147483647;
			files = (
				D3A388BB2C7CBFDB0059C3BB /* CustomAlertView.swift in Sources */,
				D3A3884E2C726A30001CE3EA /* healthKitService.swift in Sources */,
				D3A388972C74EFDD0059C3BB /* ResetPWView.swift in Sources */,
				D3A388652C73AFDE001CE3EA /* BackButtonView.swift in Sources */,
				D3A388A12C7A339F0059C3BB /* CalendarInputView.swift in Sources */,
				D3A388C02C7CD4620059C3BB /* ResearchInfoView.swift in Sources */,
				D3A388992C74F6150059C3BB /* BindingExtensions.swift in Sources */,
				D3A388A32C7B17580059C3BB /* DateExtensions.swift in Sources */,
				D3A3889B2C7501D40059C3BB /* SignUpViewModel.swift in Sources */,
				D3A388B52C7B7E7C0059C3BB /* HistoryView.swift in Sources */,
				D3A388532C726D1C001CE3EA /* CommonSelectButton.swift in Sources */,
				D3B19E3C2C15C70E00049383 /* SceneDelegate.swift in Sources */,
				D3A388B72C7B7E8A0059C3BB /* DiaryView.swift in Sources */,
				D3A388A82C7B56090059C3BB /* GIFImageView.swift in Sources */,
				D3A388B92C7B7E960059C3BB /* HomeView.swift in Sources */,
				D3A3889F2C78F4C10059C3BB /* RadioButton.swift in Sources */,
				D3B19E3A2C14CC4900049383 /* AppDelegate.swift in Sources */,
				D3A388AD2C7B7AD70059C3BB /* AppTabBarView.swift in Sources */,
				D3A388A62C7B52B50059C3BB /* AuthCompleteView.swift in Sources */,
				D3A388B32C7B7E6B0059C3BB /* ProfileView.swift in Sources */,
				D3B19E2A2C14569E00049383 /* OnboardingView.swift in Sources */,
				D3A388952C74E7CB0059C3BB /* FindIdView.swift in Sources */,
				D3B19E282C14569E00049383 /* healthKittApp.swift in Sources */,
				D3A388622C73A558001CE3EA /* UIApplicationExtensions.swift in Sources */,
				D3A3889D2C78F2390059C3BB /* CalendarView.swift in Sources */,
				D3A388602C7398A4001CE3EA /* ViewExtension.swift in Sources */,
				D3A388BD2C7CCC430059C3BB /* NotificationExtensions.swift in Sources */,
				D3A3885E2C73970D001CE3EA /* CommonInputView.swift in Sources */,
				D3B19E372C148E0500049383 /* HealthKitService.swift in Sources */,
				D3A3885A2C727691001CE3EA /* SignUpView.swift in Sources */,
				D3A3885C2C727704001CE3EA /* LoginView.swift in Sources */,
				D3A388562C726D5C001CE3EA /* ColorExtensions.swift in Sources */,
			);
			runOnlyForDeploymentPostprocessing = 0;
		};
/* End PBXSourcesBuildPhase section */

/* Begin XCBuildConfiguration section */
		D3B19E302C14569E00049383 /* Debug */ = {
			isa = XCBuildConfiguration;
			buildSettings = {
				ALWAYS_SEARCH_USER_PATHS = NO;
				ASSETCATALOG_COMPILER_GENERATE_SWIFT_ASSET_SYMBOL_EXTENSIONS = YES;
				CLANG_ANALYZER_NONNULL = YES;
				CLANG_ANALYZER_NUMBER_OBJECT_CONVERSION = YES_AGGRESSIVE;
				CLANG_CXX_LANGUAGE_STANDARD = "gnu++20";
				CLANG_ENABLE_MODULES = YES;
				CLANG_ENABLE_OBJC_ARC = YES;
				CLANG_ENABLE_OBJC_WEAK = YES;
				CLANG_WARN_BLOCK_CAPTURE_AUTORELEASING = YES;
				CLANG_WARN_BOOL_CONVERSION = YES;
				CLANG_WARN_COMMA = YES;
				CLANG_WARN_CONSTANT_CONVERSION = YES;
				CLANG_WARN_DEPRECATED_OBJC_IMPLEMENTATIONS = YES;
				CLANG_WARN_DIRECT_OBJC_ISA_USAGE = YES_ERROR;
				CLANG_WARN_DOCUMENTATION_COMMENTS = YES;
				CLANG_WARN_EMPTY_BODY = YES;
				CLANG_WARN_ENUM_CONVERSION = YES;
				CLANG_WARN_INFINITE_RECURSION = YES;
				CLANG_WARN_INT_CONVERSION = YES;
				CLANG_WARN_NON_LITERAL_NULL_CONVERSION = YES;
				CLANG_WARN_OBJC_IMPLICIT_RETAIN_SELF = YES;
				CLANG_WARN_OBJC_LITERAL_CONVERSION = YES;
				CLANG_WARN_OBJC_ROOT_CLASS = YES_ERROR;
				CLANG_WARN_QUOTED_INCLUDE_IN_FRAMEWORK_HEADER = YES;
				CLANG_WARN_RANGE_LOOP_ANALYSIS = YES;
				CLANG_WARN_STRICT_PROTOTYPES = YES;
				CLANG_WARN_SUSPICIOUS_MOVE = YES;
				CLANG_WARN_UNGUARDED_AVAILABILITY = YES_AGGRESSIVE;
				CLANG_WARN_UNREACHABLE_CODE = YES;
				CLANG_WARN__DUPLICATE_METHOD_MATCH = YES;
				COPY_PHASE_STRIP = NO;
				DEBUG_INFORMATION_FORMAT = dwarf;
				ENABLE_STRICT_OBJC_MSGSEND = YES;
				ENABLE_TESTABILITY = YES;
				ENABLE_USER_SCRIPT_SANDBOXING = YES;
				GCC_C_LANGUAGE_STANDARD = gnu17;
				GCC_DYNAMIC_NO_PIC = NO;
				GCC_NO_COMMON_BLOCKS = YES;
				GCC_OPTIMIZATION_LEVEL = 0;
				GCC_PREPROCESSOR_DEFINITIONS = (
					"DEBUG=1",
					"$(inherited)",
				);
				GCC_WARN_64_TO_32_BIT_CONVERSION = YES;
				GCC_WARN_ABOUT_RETURN_TYPE = YES_ERROR;
				GCC_WARN_UNDECLARED_SELECTOR = YES;
				GCC_WARN_UNINITIALIZED_AUTOS = YES_AGGRESSIVE;
				GCC_WARN_UNUSED_FUNCTION = YES;
				GCC_WARN_UNUSED_VARIABLE = YES;
				IPHONEOS_DEPLOYMENT_TARGET = 17.2;
				LOCALIZATION_PREFERS_STRING_CATALOGS = YES;
				MTL_ENABLE_DEBUG_INFO = INCLUDE_SOURCE;
				MTL_FAST_MATH = YES;
				ONLY_ACTIVE_ARCH = YES;
				SDKROOT = iphoneos;
				SWIFT_ACTIVE_COMPILATION_CONDITIONS = "DEBUG $(inherited)";
				SWIFT_OPTIMIZATION_LEVEL = "-Onone";
			};
			name = Debug;
		};
		D3B19E312C14569E00049383 /* Release */ = {
			isa = XCBuildConfiguration;
			buildSettings = {
				ALWAYS_SEARCH_USER_PATHS = NO;
				ASSETCATALOG_COMPILER_GENERATE_SWIFT_ASSET_SYMBOL_EXTENSIONS = YES;
				CLANG_ANALYZER_NONNULL = YES;
				CLANG_ANALYZER_NUMBER_OBJECT_CONVERSION = YES_AGGRESSIVE;
				CLANG_CXX_LANGUAGE_STANDARD = "gnu++20";
				CLANG_ENABLE_MODULES = YES;
				CLANG_ENABLE_OBJC_ARC = YES;
				CLANG_ENABLE_OBJC_WEAK = YES;
				CLANG_WARN_BLOCK_CAPTURE_AUTORELEASING = YES;
				CLANG_WARN_BOOL_CONVERSION = YES;
				CLANG_WARN_COMMA = YES;
				CLANG_WARN_CONSTANT_CONVERSION = YES;
				CLANG_WARN_DEPRECATED_OBJC_IMPLEMENTATIONS = YES;
				CLANG_WARN_DIRECT_OBJC_ISA_USAGE = YES_ERROR;
				CLANG_WARN_DOCUMENTATION_COMMENTS = YES;
				CLANG_WARN_EMPTY_BODY = YES;
				CLANG_WARN_ENUM_CONVERSION = YES;
				CLANG_WARN_INFINITE_RECURSION = YES;
				CLANG_WARN_INT_CONVERSION = YES;
				CLANG_WARN_NON_LITERAL_NULL_CONVERSION = YES;
				CLANG_WARN_OBJC_IMPLICIT_RETAIN_SELF = YES;
				CLANG_WARN_OBJC_LITERAL_CONVERSION = YES;
				CLANG_WARN_OBJC_ROOT_CLASS = YES_ERROR;
				CLANG_WARN_QUOTED_INCLUDE_IN_FRAMEWORK_HEADER = YES;
				CLANG_WARN_RANGE_LOOP_ANALYSIS = YES;
				CLANG_WARN_STRICT_PROTOTYPES = YES;
				CLANG_WARN_SUSPICIOUS_MOVE = YES;
				CLANG_WARN_UNGUARDED_AVAILABILITY = YES_AGGRESSIVE;
				CLANG_WARN_UNREACHABLE_CODE = YES;
				CLANG_WARN__DUPLICATE_METHOD_MATCH = YES;
				COPY_PHASE_STRIP = NO;
				DEBUG_INFORMATION_FORMAT = "dwarf-with-dsym";
				ENABLE_NS_ASSERTIONS = NO;
				ENABLE_STRICT_OBJC_MSGSEND = YES;
				ENABLE_USER_SCRIPT_SANDBOXING = YES;
				GCC_C_LANGUAGE_STANDARD = gnu17;
				GCC_NO_COMMON_BLOCKS = YES;
				GCC_WARN_64_TO_32_BIT_CONVERSION = YES;
				GCC_WARN_ABOUT_RETURN_TYPE = YES_ERROR;
				GCC_WARN_UNDECLARED_SELECTOR = YES;
				GCC_WARN_UNINITIALIZED_AUTOS = YES_AGGRESSIVE;
				GCC_WARN_UNUSED_FUNCTION = YES;
				GCC_WARN_UNUSED_VARIABLE = YES;
				IPHONEOS_DEPLOYMENT_TARGET = 17.2;
				LOCALIZATION_PREFERS_STRING_CATALOGS = YES;
				MTL_ENABLE_DEBUG_INFO = NO;
				MTL_FAST_MATH = YES;
				SDKROOT = iphoneos;
				SWIFT_COMPILATION_MODE = wholemodule;
				VALIDATE_PRODUCT = YES;
			};
			name = Release;
		};
		D3B19E332C14569E00049383 /* Debug */ = {
			isa = XCBuildConfiguration;
			buildSettings = {
				ASSETCATALOG_COMPILER_APPICON_NAME = AppIcon;
				ASSETCATALOG_COMPILER_GLOBAL_ACCENT_COLOR_NAME = AccentColor;
				CODE_SIGN_ENTITLEMENTS = healthKitt/healthKitt.entitlements;
				CODE_SIGN_STYLE = Automatic;
				CURRENT_PROJECT_VERSION = 1;
				DEVELOPMENT_ASSET_PATHS = "\"healthKitt/Preview Content\"";
				DEVELOPMENT_TEAM = FJQNU6W6N4;
				ENABLE_PREVIEWS = YES;
				GENERATE_INFOPLIST_FILE = YES;
				INFOPLIST_FILE = healthKitt/Info.plist;
				INFOPLIST_KEY_NSHealthClinicalHealthRecordsShareUsageDescription = "연구 목적을 위해 건강 데이터 수집합니다.";
				INFOPLIST_KEY_NSHealthShareUsageDescription = "연구 목적을 위해 건강 데이터 수집합니다.";
				INFOPLIST_KEY_NSHealthUpdateUsageDescription = "연구 목적을 위해 건강 데이터 수집합니다.";
				INFOPLIST_KEY_UIApplicationSceneManifest_Generation = YES;
				INFOPLIST_KEY_UIApplicationSupportsIndirectInputEvents = YES;
				INFOPLIST_KEY_UILaunchScreen_Generation = YES;
				INFOPLIST_KEY_UISupportedInterfaceOrientations_iPad = "UIInterfaceOrientationPortrait UIInterfaceOrientationPortraitUpsideDown UIInterfaceOrientationLandscapeLeft UIInterfaceOrientationLandscapeRight";
				INFOPLIST_KEY_UISupportedInterfaceOrientations_iPhone = "UIInterfaceOrientationPortrait UIInterfaceOrientationLandscapeLeft UIInterfaceOrientationLandscapeRight";
				IPHONEOS_DEPLOYMENT_TARGET = 16.0;
				LD_RUNPATH_SEARCH_PATHS = (
					"$(inherited)",
					"@executable_path/Frameworks",
				);
				MARKETING_VERSION = 1.0;
				PRODUCT_BUNDLE_IDENTIFIER = com.test.healthKitt;
				PRODUCT_NAME = "$(TARGET_NAME)";
				SWIFT_EMIT_LOC_STRINGS = YES;
				SWIFT_VERSION = 5.0;
				TARGETED_DEVICE_FAMILY = "1,2";
			};
			name = Debug;
		};
		D3B19E342C14569E00049383 /* Release */ = {
			isa = XCBuildConfiguration;
			buildSettings = {
				ASSETCATALOG_COMPILER_APPICON_NAME = AppIcon;
				ASSETCATALOG_COMPILER_GLOBAL_ACCENT_COLOR_NAME = AccentColor;
				CODE_SIGN_ENTITLEMENTS = healthKitt/healthKitt.entitlements;
				CODE_SIGN_STYLE = Automatic;
				CURRENT_PROJECT_VERSION = 1;
				DEVELOPMENT_ASSET_PATHS = "\"healthKitt/Preview Content\"";
				DEVELOPMENT_TEAM = FJQNU6W6N4;
				ENABLE_PREVIEWS = YES;
				GENERATE_INFOPLIST_FILE = YES;
				INFOPLIST_FILE = healthKitt/Info.plist;
				INFOPLIST_KEY_NSHealthClinicalHealthRecordsShareUsageDescription = "연구 목적을 위해 건강 데이터 수집합니다.";
				INFOPLIST_KEY_NSHealthShareUsageDescription = "연구 목적을 위해 건강 데이터 수집합니다.";
				INFOPLIST_KEY_NSHealthUpdateUsageDescription = "연구 목적을 위해 건강 데이터 수집합니다.";
				INFOPLIST_KEY_UIApplicationSceneManifest_Generation = YES;
				INFOPLIST_KEY_UIApplicationSupportsIndirectInputEvents = YES;
				INFOPLIST_KEY_UILaunchScreen_Generation = YES;
				INFOPLIST_KEY_UISupportedInterfaceOrientations_iPad = "UIInterfaceOrientationPortrait UIInterfaceOrientationPortraitUpsideDown UIInterfaceOrientationLandscapeLeft UIInterfaceOrientationLandscapeRight";
				INFOPLIST_KEY_UISupportedInterfaceOrientations_iPhone = "UIInterfaceOrientationPortrait UIInterfaceOrientationLandscapeLeft UIInterfaceOrientationLandscapeRight";
				IPHONEOS_DEPLOYMENT_TARGET = 16.0;
				LD_RUNPATH_SEARCH_PATHS = (
					"$(inherited)",
					"@executable_path/Frameworks",
				);
				MARKETING_VERSION = 1.0;
				PRODUCT_BUNDLE_IDENTIFIER = com.test.healthKitt;
				PRODUCT_NAME = "$(TARGET_NAME)";
				SWIFT_EMIT_LOC_STRINGS = YES;
				SWIFT_VERSION = 5.0;
				TARGETED_DEVICE_FAMILY = "1,2";
			};
			name = Release;
		};
/* End XCBuildConfiguration section */

/* Begin XCConfigurationList section */
		D3B19E1F2C14569D00049383 /* Build configuration list for PBXProject "healthKitt" */ = {
			isa = XCConfigurationList;
			buildConfigurations = (
				D3B19E302C14569E00049383 /* Debug */,
				D3B19E312C14569E00049383 /* Release */,
			);
			defaultConfigurationIsVisible = 0;
			defaultConfigurationName = Release;
		};
		D3B19E322C14569E00049383 /* Build configuration list for PBXNativeTarget "healthKitt" */ = {
			isa = XCConfigurationList;
			buildConfigurations = (
				D3B19E332C14569E00049383 /* Debug */,
				D3B19E342C14569E00049383 /* Release */,
			);
			defaultConfigurationIsVisible = 0;
			defaultConfigurationName = Release;
		};
/* End XCConfigurationList section */
	};
	rootObject = D3B19E1C2C14569D00049383 /* Project object */;
}
